// !$*UTF8*$!
{
	archiveVersion = 1;
	classes = {
	};
	objectVersion = 48;
	objects = {

/* Begin PBXBuildFile section */
		8B660194EDF8BDB28E868D7A /* Pods_CommanderAppSwift.framework in Frameworks */ = {isa = PBXBuildFile; fileRef = B114FF8F34C504DB0A541400 /* Pods_CommanderAppSwift.framework */; };
		FF1BBAEA1FC273AA009271C4 /* ManaCounterVM.swift in Sources */ = {isa = PBXBuildFile; fileRef = FF1BBAE91FC273AA009271C4 /* ManaCounterVM.swift */; };
		FF1BBAF01FC3A72E009271C4 /* ManaLabel.swift in Sources */ = {isa = PBXBuildFile; fileRef = FF1BBAEF1FC3A72E009271C4 /* ManaLabel.swift */; };
		FF1BBAF31FC3B15E009271C4 /* FirstCounterCellVM.swift in Sources */ = {isa = PBXBuildFile; fileRef = FF1BBAF21FC3B15E009271C4 /* FirstCounterCellVM.swift */; };
		FF1BBAF71FC4A781009271C4 /* MainCountersLabel.swift in Sources */ = {isa = PBXBuildFile; fileRef = FF1BBAF61FC4A781009271C4 /* MainCountersLabel.swift */; };
		FF1BBAFD1FC4CB88009271C4 /* SecondCounterCell.swift in Sources */ = {isa = PBXBuildFile; fileRef = FF1BBAFC1FC4CB88009271C4 /* SecondCounterCell.swift */; };
		FF1BBB001FC4CBBB009271C4 /* SecondCounterCellVM.swift in Sources */ = {isa = PBXBuildFile; fileRef = FF1BBAFF1FC4CBBB009271C4 /* SecondCounterCellVM.swift */; };
		FF1BBB041FC4CBE8009271C4 /* SecondCounterCell.xib in Resources */ = {isa = PBXBuildFile; fileRef = FF1BBB031FC4CBE8009271C4 /* SecondCounterCell.xib */; };
		FF1BBB061FC4FE15009271C4 /* ThirdCounterCell.swift in Sources */ = {isa = PBXBuildFile; fileRef = FF1BBB051FC4FE15009271C4 /* ThirdCounterCell.swift */; };
		FF1BBB091FC4FE3A009271C4 /* ThirdCounterCell.xib in Resources */ = {isa = PBXBuildFile; fileRef = FF1BBB081FC4FE3A009271C4 /* ThirdCounterCell.xib */; };
		FF1BBB0B1FC4FE60009271C4 /* ThirdCounterCellVM.swift in Sources */ = {isa = PBXBuildFile; fileRef = FF1BBB0A1FC4FE60009271C4 /* ThirdCounterCellVM.swift */; };
		FF1BBB0F1FC4FE83009271C4 /* FourthCounterCell.swift in Sources */ = {isa = PBXBuildFile; fileRef = FF1BBB0E1FC4FE83009271C4 /* FourthCounterCell.swift */; };
		FF1BBB121FC4FEBB009271C4 /* FourthCounterCellVM.swift in Sources */ = {isa = PBXBuildFile; fileRef = FF1BBB111FC4FEBB009271C4 /* FourthCounterCellVM.swift */; };
		FF1BBB1A1FC52E64009271C4 /* MainCounterContainerVM.swift in Sources */ = {isa = PBXBuildFile; fileRef = FF1BBB191FC52E64009271C4 /* MainCounterContainerVM.swift */; };
		FF1BBB211FC63580009271C4 /* MenuCell.swift in Sources */ = {isa = PBXBuildFile; fileRef = FF1BBB1F1FC63580009271C4 /* MenuCell.swift */; };
		FF1BBB221FC63580009271C4 /* MenuCell.xib in Resources */ = {isa = PBXBuildFile; fileRef = FF1BBB201FC63580009271C4 /* MenuCell.xib */; };
		FF1BBB241FC63596009271C4 /* MenuVM.swift in Sources */ = {isa = PBXBuildFile; fileRef = FF1BBB231FC63596009271C4 /* MenuVM.swift */; };
		FF1BBB2F1FC66C86009271C4 /* RollADieVC.swift in Sources */ = {isa = PBXBuildFile; fileRef = FF1BBB2D1FC66C86009271C4 /* RollADieVC.swift */; };
		FF1BBB301FC66C86009271C4 /* RollADieVC.xib in Resources */ = {isa = PBXBuildFile; fileRef = FF1BBB2E1FC66C86009271C4 /* RollADieVC.xib */; };
		FF1BBB321FC66C9B009271C4 /* RollADieVM.swift in Sources */ = {isa = PBXBuildFile; fileRef = FF1BBB311FC66C9B009271C4 /* RollADieVM.swift */; };
		FF1BBB341FC66CA5009271C4 /* RollADieM.swift in Sources */ = {isa = PBXBuildFile; fileRef = FF1BBB331FC66CA5009271C4 /* RollADieM.swift */; };
		FF1BBB381FC66CC2009271C4 /* HeadsOrTailsVC.swift in Sources */ = {isa = PBXBuildFile; fileRef = FF1BBB361FC66CC2009271C4 /* HeadsOrTailsVC.swift */; };
		FF1BBB391FC66CC2009271C4 /* HeadsOrTailsVC.xib in Resources */ = {isa = PBXBuildFile; fileRef = FF1BBB371FC66CC2009271C4 /* HeadsOrTailsVC.xib */; };
		FF1BBB3B1FC66CD3009271C4 /* HeadsOrTailsVM.swift in Sources */ = {isa = PBXBuildFile; fileRef = FF1BBB3A1FC66CD3009271C4 /* HeadsOrTailsVM.swift */; };
		FF1BBB3D1FC66CDD009271C4 /* HeadsOrTailsM.swift in Sources */ = {isa = PBXBuildFile; fileRef = FF1BBB3C1FC66CDD009271C4 /* HeadsOrTailsM.swift */; };
		FF1BBB401FC78F1A009271C4 /* MainCountersAlertVC.swift in Sources */ = {isa = PBXBuildFile; fileRef = FF1BBB3E1FC78F1A009271C4 /* MainCountersAlertVC.swift */; };
		FF1BBB411FC78F1A009271C4 /* MainCountersAlertVC.xib in Resources */ = {isa = PBXBuildFile; fileRef = FF1BBB3F1FC78F1A009271C4 /* MainCountersAlertVC.xib */; };
		FF1BBB431FC792E8009271C4 /* MainCountersAlertVM.swift in Sources */ = {isa = PBXBuildFile; fileRef = FF1BBB421FC792E8009271C4 /* MainCountersAlertVM.swift */; };
		FF1BBB451FC792F7009271C4 /* MainCountersAlertM.swift in Sources */ = {isa = PBXBuildFile; fileRef = FF1BBB441FC792F7009271C4 /* MainCountersAlertM.swift */; };
		FF1BBB491FC7C4CE009271C4 /* ZeroCounterCell.swift in Sources */ = {isa = PBXBuildFile; fileRef = FF1BBB481FC7C4CE009271C4 /* ZeroCounterCell.swift */; };
		FF1BBB4B1FC7C817009271C4 /* NotesVM.swift in Sources */ = {isa = PBXBuildFile; fileRef = FF1BBB4A1FC7C817009271C4 /* NotesVM.swift */; };
		FF1BBB8E1FC89192009271C4 /* NotesCellVM.swift in Sources */ = {isa = PBXBuildFile; fileRef = FF1BBB8D1FC89192009271C4 /* NotesCellVM.swift */; };
		FF1BBB901FC8D511009271C4 /* NoteDetailsVM.swift in Sources */ = {isa = PBXBuildFile; fileRef = FF1BBB8F1FC8D510009271C4 /* NoteDetailsVM.swift */; };
		FF1BBB951FCB37F5009271C4 /* NoteDetailsVC.swift in Sources */ = {isa = PBXBuildFile; fileRef = FF1BBB931FCB37F5009271C4 /* NoteDetailsVC.swift */; };
		FF1BBB961FCB37F5009271C4 /* NoteDetailsVC.xib in Resources */ = {isa = PBXBuildFile; fileRef = FF1BBB941FCB37F5009271C4 /* NoteDetailsVC.xib */; };
		FF1BBB981FCC19A2009271C4 /* MainNavToolBar.swift in Sources */ = {isa = PBXBuildFile; fileRef = FF1BBB971FCC19A2009271C4 /* MainNavToolBar.swift */; };
		FF1BBB9D1FCC1A2A009271C4 /* TabBarSwitchAnimations.swift in Sources */ = {isa = PBXBuildFile; fileRef = FF1BBB9C1FCC1A2A009271C4 /* TabBarSwitchAnimations.swift */; };
		FF1BBBA71FD2D3C2009271C4 /* ZeroCounterCell.xib in Resources */ = {isa = PBXBuildFile; fileRef = FF1BBBA61FD2D3C2009271C4 /* ZeroCounterCell.xib */; };
		FF1BBBA91FD2D5C8009271C4 /* ZeroCounterCellVM.swift in Sources */ = {isa = PBXBuildFile; fileRef = FF1BBBA81FD2D5C8009271C4 /* ZeroCounterCellVM.swift */; };
		FF333FCC1FB5A5C500E980AA /* AppDelegate.swift in Sources */ = {isa = PBXBuildFile; fileRef = FF333FCB1FB5A5C500E980AA /* AppDelegate.swift */; };
		FF333FD41FB5A5C500E980AA /* CommanderAppSwift.xcdatamodeld in Sources */ = {isa = PBXBuildFile; fileRef = FF333FD21FB5A5C500E980AA /* CommanderAppSwift.xcdatamodeld */; };
		FF333FD61FB5A5C500E980AA /* Assets.xcassets in Resources */ = {isa = PBXBuildFile; fileRef = FF333FD51FB5A5C500E980AA /* Assets.xcassets */; };
		FF333FD91FB5A5C600E980AA /* LaunchScreen.storyboard in Resources */ = {isa = PBXBuildFile; fileRef = FF333FD71FB5A5C600E980AA /* LaunchScreen.storyboard */; };
		FF333FE41FB5A5C700E980AA /* CommanderAppSwiftTests.swift in Sources */ = {isa = PBXBuildFile; fileRef = FF333FE31FB5A5C700E980AA /* CommanderAppSwiftTests.swift */; };
		FF333FEF1FB5A5C700E980AA /* CommanderAppSwiftUITests.swift in Sources */ = {isa = PBXBuildFile; fileRef = FF333FEE1FB5A5C700E980AA /* CommanderAppSwiftUITests.swift */; };
		FF333FFD1FB5B92500E980AA /* TabBarViewController.swift in Sources */ = {isa = PBXBuildFile; fileRef = FF333FFC1FB5B92500E980AA /* TabBarViewController.swift */; };
		FF3340041FB5BE0D00E980AA /* MainCounterVC.swift in Sources */ = {isa = PBXBuildFile; fileRef = FF3340021FB5BE0D00E980AA /* MainCounterVC.swift */; };
		FF3340051FB5BE0D00E980AA /* MainCounterVC.xib in Resources */ = {isa = PBXBuildFile; fileRef = FF3340031FB5BE0D00E980AA /* MainCounterVC.xib */; };
		FF3340071FB5BE6B00E980AA /* MainCounterContainerVC.swift in Sources */ = {isa = PBXBuildFile; fileRef = FF3340061FB5BE6B00E980AA /* MainCounterContainerVC.swift */; };
		FF33400A1FB5BE9E00E980AA /* MenuVC.swift in Sources */ = {isa = PBXBuildFile; fileRef = FF3340081FB5BE9E00E980AA /* MenuVC.swift */; };
		FF33400B1FB5BE9E00E980AA /* MenuVC.xib in Resources */ = {isa = PBXBuildFile; fileRef = FF3340091FB5BE9E00E980AA /* MenuVC.xib */; };
		FF33400F1FB615A200E980AA /* MainNavController.swift in Sources */ = {isa = PBXBuildFile; fileRef = FF33400E1FB615A200E980AA /* MainNavController.swift */; };
		FF3340121FB8E9D100E980AA /* ManaCounterVC.swift in Sources */ = {isa = PBXBuildFile; fileRef = FF3340101FB8E9D100E980AA /* ManaCounterVC.swift */; };
		FF3340131FB8E9D100E980AA /* ManaCounterVC.xib in Resources */ = {isa = PBXBuildFile; fileRef = FF3340111FB8E9D100E980AA /* ManaCounterVC.xib */; };
		FF3340151FB8FBEC00E980AA /* MainCounterContainerVC.xib in Resources */ = {isa = PBXBuildFile; fileRef = FF3340141FB8FBEB00E980AA /* MainCounterContainerVC.xib */; };
		FF33401A1FB8FFB600E980AA /* FirstCounterCell.swift in Sources */ = {isa = PBXBuildFile; fileRef = FF3340181FB8FFB600E980AA /* FirstCounterCell.swift */; };
		FF33401B1FB8FFB600E980AA /* FirstCounterCell.xib in Resources */ = {isa = PBXBuildFile; fileRef = FF3340191FB8FFB600E980AA /* FirstCounterCell.xib */; };
		FF33401E1FB9031200E980AA /* NotesVC.swift in Sources */ = {isa = PBXBuildFile; fileRef = FF33401C1FB9031200E980AA /* NotesVC.swift */; };
		FF33401F1FB9031200E980AA /* NotesVC.xib in Resources */ = {isa = PBXBuildFile; fileRef = FF33401D1FB9031200E980AA /* NotesVC.xib */; };
		FF3340221FB9033C00E980AA /* NotesCell.swift in Sources */ = {isa = PBXBuildFile; fileRef = FF3340201FB9033C00E980AA /* NotesCell.swift */; };
		FF3340231FB9033C00E980AA /* NotesTableViewCell.xib in Resources */ = {isa = PBXBuildFile; fileRef = FF3340211FB9033C00E980AA /* NotesTableViewCell.xib */; };
		FF3340251FB9046A00E980AA /* UIColorExtension.swift in Sources */ = {isa = PBXBuildFile; fileRef = FF3340241FB9046900E980AA /* UIColorExtension.swift */; };
		FF4FA3731FE345090029C63C /* VariousExtensions.swift in Sources */ = {isa = PBXBuildFile; fileRef = FF4FA3721FE345090029C63C /* VariousExtensions.swift */; };
		FF4FA37A1FE3EF230029C63C /* NoResultsVC.swift in Sources */ = {isa = PBXBuildFile; fileRef = FF4FA3781FE3EF230029C63C /* NoResultsVC.swift */; };
		FF4FA37B1FE3EF230029C63C /* NoResultsVC.xib in Resources */ = {isa = PBXBuildFile; fileRef = FF4FA3791FE3EF230029C63C /* NoResultsVC.xib */; };
		FF5440181FD4F60E0065C87A /* CountersTextField.swift in Sources */ = {isa = PBXBuildFile; fileRef = FF5440171FD4F60E0065C87A /* CountersTextField.swift */; };
		FF54401A1FD4FA820065C87A /* ChangeCounterButton.swift in Sources */ = {isa = PBXBuildFile; fileRef = FF5440191FD4FA820065C87A /* ChangeCounterButton.swift */; };
		FF54401C1FD4FC800065C87A /* CountersButton.swift in Sources */ = {isa = PBXBuildFile; fileRef = FF54401B1FD4FC800065C87A /* CountersButton.swift */; };
		FF54401E1FD5BE790065C87A /* FourthCounterCell.xib in Resources */ = {isa = PBXBuildFile; fileRef = FF54401D1FD5BE790065C87A /* FourthCounterCell.xib */; };
		FF5440201FD6A8B90065C87A /* CameraActionSheetView.swift in Sources */ = {isa = PBXBuildFile; fileRef = FF54401F1FD6A8B90065C87A /* CameraActionSheetView.swift */; };
		FF5440221FD7A5C30065C87A /* CameraVC.swift in Sources */ = {isa = PBXBuildFile; fileRef = FF5440211FD7A5C30065C87A /* CameraVC.swift */; };
		FF5440261FD7A5F40065C87A /* cameraXIB.xib in Resources */ = {isa = PBXBuildFile; fileRef = FF5440251FD7A5F40065C87A /* cameraXIB.xib */; };
		FF5440281FD7A70D0065C87A /* CameraView.swift in Sources */ = {isa = PBXBuildFile; fileRef = FF5440271FD7A70D0065C87A /* CameraView.swift */; };
		FF54402A1FD7A7620065C87A /* AudioSessionData.swift in Sources */ = {isa = PBXBuildFile; fileRef = FF5440291FD7A7620065C87A /* AudioSessionData.swift */; };
		FF54402C1FD7A7700065C87A /* CameraData.swift in Sources */ = {isa = PBXBuildFile; fileRef = FF54402B1FD7A7700065C87A /* CameraData.swift */; };
		FF56E7751FE1B38E008E5D54 /* DetailsSearchCellLabel.swift in Sources */ = {isa = PBXBuildFile; fileRef = FF56E7741FE1B38E008E5D54 /* DetailsSearchCellLabel.swift */; };
		FF60EA2E1FBC977F005C2BBA /* TabBarVC.xib in Resources */ = {isa = PBXBuildFile; fileRef = FF60EA2D1FBC977F005C2BBA /* TabBarVC.xib */; };
		FF60EA321FBD927C005C2BBA /* MainCounterVM.swift in Sources */ = {isa = PBXBuildFile; fileRef = FF60EA311FBD927C005C2BBA /* MainCounterVM.swift */; };
		FF60EA371FBD9D1D005C2BBA /* PlayerNameV.swift in Sources */ = {isa = PBXBuildFile; fileRef = FF60EA361FBD9D1D005C2BBA /* PlayerNameV.swift */; };
		FF60EA391FBD9D2B005C2BBA /* PlayerNameVM.swift in Sources */ = {isa = PBXBuildFile; fileRef = FF60EA381FBD9D2B005C2BBA /* PlayerNameVM.swift */; };
		FF60EA3D1FBDA395005C2BBA /* Constants.swift in Sources */ = {isa = PBXBuildFile; fileRef = FF60EA3C1FBDA395005C2BBA /* Constants.swift */; };
		FF60EA401FBDE80D005C2BBA /* DataManager.swift in Sources */ = {isa = PBXBuildFile; fileRef = FF60EA3F1FBDE80D005C2BBA /* DataManager.swift */; };
		FF60EA431FBE13FC005C2BBA /* NSManagedObjectExtension.swift in Sources */ = {isa = PBXBuildFile; fileRef = FF60EA421FBE13FC005C2BBA /* NSManagedObjectExtension.swift */; };
		FF60EA481FC0B780005C2BBA /* AvatarImageView.swift in Sources */ = {isa = PBXBuildFile; fileRef = FF60EA471FC0B780005C2BBA /* AvatarImageView.swift */; };
		FF60EA4A1FC0DE80005C2BBA /* AvatarLayerView.swift in Sources */ = {isa = PBXBuildFile; fileRef = FF60EA491FC0DE80005C2BBA /* AvatarLayerView.swift */; };
		FF60EA4C1FC0DF6A005C2BBA /* AvatarVM.swift in Sources */ = {isa = PBXBuildFile; fileRef = FF60EA4B1FC0DF6A005C2BBA /* AvatarVM.swift */; };
		FF60EA4E1FC0DF74005C2BBA /* AvatarM.swift in Sources */ = {isa = PBXBuildFile; fileRef = FF60EA4D1FC0DF74005C2BBA /* AvatarM.swift */; };
		FF60EA511FC0F7AE005C2BBA /* RandomAvatarLabel.swift in Sources */ = {isa = PBXBuildFile; fileRef = FF60EA501FC0F7AE005C2BBA /* RandomAvatarLabel.swift */; };
		FF60EA531FC0F7BF005C2BBA /* RandomAvatarVM.swift in Sources */ = {isa = PBXBuildFile; fileRef = FF60EA521FC0F7BF005C2BBA /* RandomAvatarVM.swift */; };
		FF60EA551FC0F7C8005C2BBA /* RandomAvatarM.swift in Sources */ = {isa = PBXBuildFile; fileRef = FF60EA541FC0F7C8005C2BBA /* RandomAvatarM.swift */; };
		FF60EA571FC0F9E4005C2BBA /* DataExtension.swift in Sources */ = {isa = PBXBuildFile; fileRef = FF60EA561FC0F9E4005C2BBA /* DataExtension.swift */; };
		FF60EA591FC0F9F1005C2BBA /* UIImageExtension.swift in Sources */ = {isa = PBXBuildFile; fileRef = FF60EA581FC0F9F1005C2BBA /* UIImageExtension.swift */; };
		FF72557A1FD92F1A00F8D820 /* keyboardButtonsView.swift in Sources */ = {isa = PBXBuildFile; fileRef = FF7255791FD92F1A00F8D820 /* keyboardButtonsView.swift */; };
		FF72557D1FDA822D00F8D820 /* CardSearchVC.swift in Sources */ = {isa = PBXBuildFile; fileRef = FF72557B1FDA822D00F8D820 /* CardSearchVC.swift */; };
		FF72557E1FDA822D00F8D820 /* CardSearchVC.xib in Resources */ = {isa = PBXBuildFile; fileRef = FF72557C1FDA822D00F8D820 /* CardSearchVC.xib */; };
		FF7255801FDA824000F8D820 /* CardSearchVM.swift in Sources */ = {isa = PBXBuildFile; fileRef = FF72557F1FDA824000F8D820 /* CardSearchVM.swift */; };
		FF7255821FDA824900F8D820 /* Card.swift in Sources */ = {isa = PBXBuildFile; fileRef = FF7255811FDA824900F8D820 /* Card.swift */; };
		FF7255871FDA88FC00F8D820 /* CardSearchCell.swift in Sources */ = {isa = PBXBuildFile; fileRef = FF7255851FDA88FC00F8D820 /* CardSearchCell.swift */; };
		FF7255881FDA88FC00F8D820 /* CardSearchCell.xib in Resources */ = {isa = PBXBuildFile; fileRef = FF7255861FDA88FC00F8D820 /* CardSearchCell.xib */; };
		FF72558A1FDA891500F8D820 /* CardSearchCellVM.swift in Sources */ = {isa = PBXBuildFile; fileRef = FF7255891FDA891500F8D820 /* CardSearchCellVM.swift */; };
		FF72558C1FDAADB000F8D820 /* SearchManager.swift in Sources */ = {isa = PBXBuildFile; fileRef = FF72558B1FDAADB000F8D820 /* SearchManager.swift */; };
		FF7255901FE160A500F8D820 /* CardDetailsSearchVC.swift in Sources */ = {isa = PBXBuildFile; fileRef = FF72558E1FE160A500F8D820 /* CardDetailsSearchVC.swift */; };
		FF7255911FE160A500F8D820 /* CardDetailsSearchVC.xib in Resources */ = {isa = PBXBuildFile; fileRef = FF72558F1FE160A500F8D820 /* CardDetailsSearchVC.xib */; };
		FF7255931FE1612E00F8D820 /* CardDetailsSearchVM.swift in Sources */ = {isa = PBXBuildFile; fileRef = FF7255921FE1612E00F8D820 /* CardDetailsSearchVM.swift */; };
		FF7255971FE1621100F8D820 /* CardDetailsSearchCell.swift in Sources */ = {isa = PBXBuildFile; fileRef = FF7255951FE1621100F8D820 /* CardDetailsSearchCell.swift */; };
		FF7255981FE1621100F8D820 /* CardDetailsSearchCell.xib in Resources */ = {isa = PBXBuildFile; fileRef = FF7255961FE1621100F8D820 /* CardDetailsSearchCell.xib */; };
		FF72559A1FE1622A00F8D820 /* CardDetailsSearchCellVM.swift in Sources */ = {isa = PBXBuildFile; fileRef = FF7255991FE1622A00F8D820 /* CardDetailsSearchCellVM.swift */; };
		FF72559E1FE190E100F8D820 /* CardDetailsVC.swift in Sources */ = {isa = PBXBuildFile; fileRef = FF72559C1FE190E100F8D820 /* CardDetailsVC.swift */; };
		FF72559F1FE190E100F8D820 /* CardDetailsVC.xib in Resources */ = {isa = PBXBuildFile; fileRef = FF72559D1FE190E100F8D820 /* CardDetailsVC.xib */; };
		FF7255A11FE190F700F8D820 /* CardDetailsVM.swift in Sources */ = {isa = PBXBuildFile; fileRef = FF7255A01FE190F700F8D820 /* CardDetailsVM.swift */; };
		FFA11F411FE257D900E27891 /* CardZoomVC.swift in Sources */ = {isa = PBXBuildFile; fileRef = FFA11F3F1FE257D900E27891 /* CardZoomVC.swift */; };
		FFA11F421FE257D900E27891 /* CardZoomVC.xib in Resources */ = {isa = PBXBuildFile; fileRef = FFA11F401FE257D900E27891 /* CardZoomVC.xib */; };
/* End PBXBuildFile section */

/* Begin PBXContainerItemProxy section */
		FF333FE01FB5A5C700E980AA /* PBXContainerItemProxy */ = {
			isa = PBXContainerItemProxy;
			containerPortal = FF333FC01FB5A5C500E980AA /* Project object */;
			proxyType = 1;
			remoteGlobalIDString = FF333FC71FB5A5C500E980AA;
			remoteInfo = CommanderAppSwift;
		};
		FF333FEB1FB5A5C700E980AA /* PBXContainerItemProxy */ = {
			isa = PBXContainerItemProxy;
			containerPortal = FF333FC01FB5A5C500E980AA /* Project object */;
			proxyType = 1;
			remoteGlobalIDString = FF333FC71FB5A5C500E980AA;
			remoteInfo = CommanderAppSwift;
		};
/* End PBXContainerItemProxy section */

/* Begin PBXFileReference section */
		B114FF8F34C504DB0A541400 /* Pods_CommanderAppSwift.framework */ = {isa = PBXFileReference; explicitFileType = wrapper.framework; includeInIndex = 0; path = Pods_CommanderAppSwift.framework; sourceTree = BUILT_PRODUCTS_DIR; };
		B8F38C182BD5D0DCDDC2D4CC /* Pods-CommanderAppSwift.debug.xcconfig */ = {isa = PBXFileReference; includeInIndex = 1; lastKnownFileType = text.xcconfig; name = "Pods-CommanderAppSwift.debug.xcconfig"; path = "Pods/Target Support Files/Pods-CommanderAppSwift/Pods-CommanderAppSwift.debug.xcconfig"; sourceTree = "<group>"; };
		C4B6933BBBB776716C3A1330 /* Pods-CommanderAppSwift.release.xcconfig */ = {isa = PBXFileReference; includeInIndex = 1; lastKnownFileType = text.xcconfig; name = "Pods-CommanderAppSwift.release.xcconfig"; path = "Pods/Target Support Files/Pods-CommanderAppSwift/Pods-CommanderAppSwift.release.xcconfig"; sourceTree = "<group>"; };
		FF1BBAE91FC273AA009271C4 /* ManaCounterVM.swift */ = {isa = PBXFileReference; lastKnownFileType = sourcecode.swift; path = ManaCounterVM.swift; sourceTree = "<group>"; };
		FF1BBAEF1FC3A72E009271C4 /* ManaLabel.swift */ = {isa = PBXFileReference; lastKnownFileType = sourcecode.swift; path = ManaLabel.swift; sourceTree = "<group>"; };
		FF1BBAF21FC3B15E009271C4 /* FirstCounterCellVM.swift */ = {isa = PBXFileReference; lastKnownFileType = sourcecode.swift; path = FirstCounterCellVM.swift; sourceTree = "<group>"; };
		FF1BBAF61FC4A781009271C4 /* MainCountersLabel.swift */ = {isa = PBXFileReference; lastKnownFileType = sourcecode.swift; path = MainCountersLabel.swift; sourceTree = "<group>"; };
		FF1BBAFC1FC4CB88009271C4 /* SecondCounterCell.swift */ = {isa = PBXFileReference; lastKnownFileType = sourcecode.swift; path = SecondCounterCell.swift; sourceTree = "<group>"; };
		FF1BBAFF1FC4CBBB009271C4 /* SecondCounterCellVM.swift */ = {isa = PBXFileReference; lastKnownFileType = sourcecode.swift; path = SecondCounterCellVM.swift; sourceTree = "<group>"; };
		FF1BBB031FC4CBE8009271C4 /* SecondCounterCell.xib */ = {isa = PBXFileReference; lastKnownFileType = file.xib; path = SecondCounterCell.xib; sourceTree = "<group>"; };
		FF1BBB051FC4FE15009271C4 /* ThirdCounterCell.swift */ = {isa = PBXFileReference; lastKnownFileType = sourcecode.swift; path = ThirdCounterCell.swift; sourceTree = "<group>"; };
		FF1BBB081FC4FE3A009271C4 /* ThirdCounterCell.xib */ = {isa = PBXFileReference; fileEncoding = 4; lastKnownFileType = file.xib; path = ThirdCounterCell.xib; sourceTree = "<group>"; };
		FF1BBB0A1FC4FE60009271C4 /* ThirdCounterCellVM.swift */ = {isa = PBXFileReference; lastKnownFileType = sourcecode.swift; path = ThirdCounterCellVM.swift; sourceTree = "<group>"; };
		FF1BBB0E1FC4FE83009271C4 /* FourthCounterCell.swift */ = {isa = PBXFileReference; lastKnownFileType = sourcecode.swift; path = FourthCounterCell.swift; sourceTree = "<group>"; };
		FF1BBB111FC4FEBB009271C4 /* FourthCounterCellVM.swift */ = {isa = PBXFileReference; lastKnownFileType = sourcecode.swift; path = FourthCounterCellVM.swift; sourceTree = "<group>"; };
		FF1BBB191FC52E64009271C4 /* MainCounterContainerVM.swift */ = {isa = PBXFileReference; lastKnownFileType = sourcecode.swift; path = MainCounterContainerVM.swift; sourceTree = "<group>"; };
		FF1BBB1F1FC63580009271C4 /* MenuCell.swift */ = {isa = PBXFileReference; lastKnownFileType = sourcecode.swift; path = MenuCell.swift; sourceTree = "<group>"; };
		FF1BBB201FC63580009271C4 /* MenuCell.xib */ = {isa = PBXFileReference; lastKnownFileType = file.xib; path = MenuCell.xib; sourceTree = "<group>"; };
		FF1BBB231FC63596009271C4 /* MenuVM.swift */ = {isa = PBXFileReference; lastKnownFileType = sourcecode.swift; path = MenuVM.swift; sourceTree = "<group>"; };
		FF1BBB2D1FC66C86009271C4 /* RollADieVC.swift */ = {isa = PBXFileReference; lastKnownFileType = sourcecode.swift; path = RollADieVC.swift; sourceTree = "<group>"; };
		FF1BBB2E1FC66C86009271C4 /* RollADieVC.xib */ = {isa = PBXFileReference; lastKnownFileType = file.xib; path = RollADieVC.xib; sourceTree = "<group>"; };
		FF1BBB311FC66C9B009271C4 /* RollADieVM.swift */ = {isa = PBXFileReference; lastKnownFileType = sourcecode.swift; path = RollADieVM.swift; sourceTree = "<group>"; };
		FF1BBB331FC66CA5009271C4 /* RollADieM.swift */ = {isa = PBXFileReference; lastKnownFileType = sourcecode.swift; path = RollADieM.swift; sourceTree = "<group>"; };
		FF1BBB361FC66CC2009271C4 /* HeadsOrTailsVC.swift */ = {isa = PBXFileReference; lastKnownFileType = sourcecode.swift; path = HeadsOrTailsVC.swift; sourceTree = "<group>"; };
		FF1BBB371FC66CC2009271C4 /* HeadsOrTailsVC.xib */ = {isa = PBXFileReference; lastKnownFileType = file.xib; path = HeadsOrTailsVC.xib; sourceTree = "<group>"; };
		FF1BBB3A1FC66CD3009271C4 /* HeadsOrTailsVM.swift */ = {isa = PBXFileReference; lastKnownFileType = sourcecode.swift; path = HeadsOrTailsVM.swift; sourceTree = "<group>"; };
		FF1BBB3C1FC66CDD009271C4 /* HeadsOrTailsM.swift */ = {isa = PBXFileReference; lastKnownFileType = sourcecode.swift; path = HeadsOrTailsM.swift; sourceTree = "<group>"; };
		FF1BBB3E1FC78F1A009271C4 /* MainCountersAlertVC.swift */ = {isa = PBXFileReference; lastKnownFileType = sourcecode.swift; path = MainCountersAlertVC.swift; sourceTree = "<group>"; };
		FF1BBB3F1FC78F1A009271C4 /* MainCountersAlertVC.xib */ = {isa = PBXFileReference; lastKnownFileType = file.xib; path = MainCountersAlertVC.xib; sourceTree = "<group>"; };
		FF1BBB421FC792E8009271C4 /* MainCountersAlertVM.swift */ = {isa = PBXFileReference; lastKnownFileType = sourcecode.swift; path = MainCountersAlertVM.swift; sourceTree = "<group>"; };
		FF1BBB441FC792F7009271C4 /* MainCountersAlertM.swift */ = {isa = PBXFileReference; lastKnownFileType = sourcecode.swift; path = MainCountersAlertM.swift; sourceTree = "<group>"; };
		FF1BBB481FC7C4CE009271C4 /* ZeroCounterCell.swift */ = {isa = PBXFileReference; lastKnownFileType = sourcecode.swift; path = ZeroCounterCell.swift; sourceTree = "<group>"; };
		FF1BBB4A1FC7C817009271C4 /* NotesVM.swift */ = {isa = PBXFileReference; lastKnownFileType = sourcecode.swift; path = NotesVM.swift; sourceTree = "<group>"; };
		FF1BBB8D1FC89192009271C4 /* NotesCellVM.swift */ = {isa = PBXFileReference; lastKnownFileType = sourcecode.swift; path = NotesCellVM.swift; sourceTree = "<group>"; };
		FF1BBB8F1FC8D510009271C4 /* NoteDetailsVM.swift */ = {isa = PBXFileReference; lastKnownFileType = sourcecode.swift; path = NoteDetailsVM.swift; sourceTree = "<group>"; };
		FF1BBB931FCB37F5009271C4 /* NoteDetailsVC.swift */ = {isa = PBXFileReference; lastKnownFileType = sourcecode.swift; path = NoteDetailsVC.swift; sourceTree = "<group>"; };
		FF1BBB941FCB37F5009271C4 /* NoteDetailsVC.xib */ = {isa = PBXFileReference; lastKnownFileType = file.xib; path = NoteDetailsVC.xib; sourceTree = "<group>"; };
		FF1BBB971FCC19A2009271C4 /* MainNavToolBar.swift */ = {isa = PBXFileReference; lastKnownFileType = sourcecode.swift; path = MainNavToolBar.swift; sourceTree = "<group>"; };
		FF1BBB9C1FCC1A2A009271C4 /* TabBarSwitchAnimations.swift */ = {isa = PBXFileReference; lastKnownFileType = sourcecode.swift; path = TabBarSwitchAnimations.swift; sourceTree = "<group>"; };
		FF1BBBA61FD2D3C2009271C4 /* ZeroCounterCell.xib */ = {isa = PBXFileReference; lastKnownFileType = file.xib; path = ZeroCounterCell.xib; sourceTree = "<group>"; };
		FF1BBBA81FD2D5C8009271C4 /* ZeroCounterCellVM.swift */ = {isa = PBXFileReference; lastKnownFileType = sourcecode.swift; path = ZeroCounterCellVM.swift; sourceTree = "<group>"; };
		FF333FC81FB5A5C500E980AA /* CommanderAppSwift.app */ = {isa = PBXFileReference; explicitFileType = wrapper.application; includeInIndex = 0; path = CommanderAppSwift.app; sourceTree = BUILT_PRODUCTS_DIR; };
		FF333FCB1FB5A5C500E980AA /* AppDelegate.swift */ = {isa = PBXFileReference; lastKnownFileType = sourcecode.swift; path = AppDelegate.swift; sourceTree = "<group>"; };
		FF333FD31FB5A5C500E980AA /* CommanderAppSwift.xcdatamodel */ = {isa = PBXFileReference; lastKnownFileType = wrapper.xcdatamodel; path = CommanderAppSwift.xcdatamodel; sourceTree = "<group>"; };
		FF333FD51FB5A5C500E980AA /* Assets.xcassets */ = {isa = PBXFileReference; lastKnownFileType = folder.assetcatalog; path = Assets.xcassets; sourceTree = "<group>"; };
		FF333FD81FB5A5C600E980AA /* Base */ = {isa = PBXFileReference; lastKnownFileType = file.storyboard; name = Base; path = Base.lproj/LaunchScreen.storyboard; sourceTree = "<group>"; };
		FF333FDA1FB5A5C600E980AA /* Info.plist */ = {isa = PBXFileReference; lastKnownFileType = text.plist.xml; path = Info.plist; sourceTree = "<group>"; };
		FF333FDF1FB5A5C700E980AA /* CommanderAppSwiftTests.xctest */ = {isa = PBXFileReference; explicitFileType = wrapper.cfbundle; includeInIndex = 0; path = CommanderAppSwiftTests.xctest; sourceTree = BUILT_PRODUCTS_DIR; };
		FF333FE31FB5A5C700E980AA /* CommanderAppSwiftTests.swift */ = {isa = PBXFileReference; lastKnownFileType = sourcecode.swift; path = CommanderAppSwiftTests.swift; sourceTree = "<group>"; };
		FF333FE51FB5A5C700E980AA /* Info.plist */ = {isa = PBXFileReference; lastKnownFileType = text.plist.xml; path = Info.plist; sourceTree = "<group>"; };
		FF333FEA1FB5A5C700E980AA /* CommanderAppSwiftUITests.xctest */ = {isa = PBXFileReference; explicitFileType = wrapper.cfbundle; includeInIndex = 0; path = CommanderAppSwiftUITests.xctest; sourceTree = BUILT_PRODUCTS_DIR; };
		FF333FEE1FB5A5C700E980AA /* CommanderAppSwiftUITests.swift */ = {isa = PBXFileReference; lastKnownFileType = sourcecode.swift; path = CommanderAppSwiftUITests.swift; sourceTree = "<group>"; };
		FF333FF01FB5A5C700E980AA /* Info.plist */ = {isa = PBXFileReference; lastKnownFileType = text.plist.xml; path = Info.plist; sourceTree = "<group>"; };
		FF333FFC1FB5B92500E980AA /* TabBarViewController.swift */ = {isa = PBXFileReference; lastKnownFileType = sourcecode.swift; path = TabBarViewController.swift; sourceTree = "<group>"; };
		FF3340021FB5BE0D00E980AA /* MainCounterVC.swift */ = {isa = PBXFileReference; lastKnownFileType = sourcecode.swift; path = MainCounterVC.swift; sourceTree = "<group>"; };
		FF3340031FB5BE0D00E980AA /* MainCounterVC.xib */ = {isa = PBXFileReference; lastKnownFileType = file.xib; path = MainCounterVC.xib; sourceTree = "<group>"; };
		FF3340061FB5BE6B00E980AA /* MainCounterContainerVC.swift */ = {isa = PBXFileReference; lastKnownFileType = sourcecode.swift; path = MainCounterContainerVC.swift; sourceTree = "<group>"; };
		FF3340081FB5BE9E00E980AA /* MenuVC.swift */ = {isa = PBXFileReference; lastKnownFileType = sourcecode.swift; path = MenuVC.swift; sourceTree = "<group>"; };
		FF3340091FB5BE9E00E980AA /* MenuVC.xib */ = {isa = PBXFileReference; lastKnownFileType = file.xib; path = MenuVC.xib; sourceTree = "<group>"; };
		FF33400E1FB615A200E980AA /* MainNavController.swift */ = {isa = PBXFileReference; lastKnownFileType = sourcecode.swift; path = MainNavController.swift; sourceTree = "<group>"; };
		FF3340101FB8E9D100E980AA /* ManaCounterVC.swift */ = {isa = PBXFileReference; lastKnownFileType = sourcecode.swift; path = ManaCounterVC.swift; sourceTree = "<group>"; };
		FF3340111FB8E9D100E980AA /* ManaCounterVC.xib */ = {isa = PBXFileReference; lastKnownFileType = file.xib; path = ManaCounterVC.xib; sourceTree = "<group>"; };
		FF3340141FB8FBEB00E980AA /* MainCounterContainerVC.xib */ = {isa = PBXFileReference; lastKnownFileType = file.xib; path = MainCounterContainerVC.xib; sourceTree = "<group>"; };
		FF3340181FB8FFB600E980AA /* FirstCounterCell.swift */ = {isa = PBXFileReference; lastKnownFileType = sourcecode.swift; path = FirstCounterCell.swift; sourceTree = "<group>"; };
		FF3340191FB8FFB600E980AA /* FirstCounterCell.xib */ = {isa = PBXFileReference; lastKnownFileType = file.xib; path = FirstCounterCell.xib; sourceTree = "<group>"; };
		FF33401C1FB9031200E980AA /* NotesVC.swift */ = {isa = PBXFileReference; lastKnownFileType = sourcecode.swift; path = NotesVC.swift; sourceTree = "<group>"; };
		FF33401D1FB9031200E980AA /* NotesVC.xib */ = {isa = PBXFileReference; lastKnownFileType = file.xib; path = NotesVC.xib; sourceTree = "<group>"; };
		FF3340201FB9033C00E980AA /* NotesCell.swift */ = {isa = PBXFileReference; lastKnownFileType = sourcecode.swift; path = NotesCell.swift; sourceTree = "<group>"; };
		FF3340211FB9033C00E980AA /* NotesTableViewCell.xib */ = {isa = PBXFileReference; lastKnownFileType = file.xib; path = NotesTableViewCell.xib; sourceTree = "<group>"; };
		FF3340241FB9046900E980AA /* UIColorExtension.swift */ = {isa = PBXFileReference; lastKnownFileType = sourcecode.swift; path = UIColorExtension.swift; sourceTree = "<group>"; };
		FF4FA3721FE345090029C63C /* VariousExtensions.swift */ = {isa = PBXFileReference; lastKnownFileType = sourcecode.swift; path = VariousExtensions.swift; sourceTree = "<group>"; };
		FF4FA3781FE3EF230029C63C /* NoResultsVC.swift */ = {isa = PBXFileReference; lastKnownFileType = sourcecode.swift; path = NoResultsVC.swift; sourceTree = "<group>"; };
		FF4FA3791FE3EF230029C63C /* NoResultsVC.xib */ = {isa = PBXFileReference; lastKnownFileType = file.xib; path = NoResultsVC.xib; sourceTree = "<group>"; };
		FF5440171FD4F60E0065C87A /* CountersTextField.swift */ = {isa = PBXFileReference; lastKnownFileType = sourcecode.swift; path = CountersTextField.swift; sourceTree = "<group>"; };
		FF5440191FD4FA820065C87A /* ChangeCounterButton.swift */ = {isa = PBXFileReference; lastKnownFileType = sourcecode.swift; path = ChangeCounterButton.swift; sourceTree = "<group>"; };
		FF54401B1FD4FC800065C87A /* CountersButton.swift */ = {isa = PBXFileReference; lastKnownFileType = sourcecode.swift; path = CountersButton.swift; sourceTree = "<group>"; };
		FF54401D1FD5BE790065C87A /* FourthCounterCell.xib */ = {isa = PBXFileReference; fileEncoding = 4; lastKnownFileType = file.xib; path = FourthCounterCell.xib; sourceTree = "<group>"; };
		FF54401F1FD6A8B90065C87A /* CameraActionSheetView.swift */ = {isa = PBXFileReference; lastKnownFileType = sourcecode.swift; path = CameraActionSheetView.swift; sourceTree = "<group>"; };
		FF5440211FD7A5C30065C87A /* CameraVC.swift */ = {isa = PBXFileReference; lastKnownFileType = sourcecode.swift; path = CameraVC.swift; sourceTree = "<group>"; };
		FF5440251FD7A5F40065C87A /* cameraXIB.xib */ = {isa = PBXFileReference; fileEncoding = 4; lastKnownFileType = file.xib; path = cameraXIB.xib; sourceTree = "<group>"; };
		FF5440271FD7A70D0065C87A /* CameraView.swift */ = {isa = PBXFileReference; lastKnownFileType = sourcecode.swift; path = CameraView.swift; sourceTree = "<group>"; };
		FF5440291FD7A7620065C87A /* AudioSessionData.swift */ = {isa = PBXFileReference; lastKnownFileType = sourcecode.swift; path = AudioSessionData.swift; sourceTree = "<group>"; };
		FF54402B1FD7A7700065C87A /* CameraData.swift */ = {isa = PBXFileReference; lastKnownFileType = sourcecode.swift; path = CameraData.swift; sourceTree = "<group>"; };
		FF56E7741FE1B38E008E5D54 /* DetailsSearchCellLabel.swift */ = {isa = PBXFileReference; lastKnownFileType = sourcecode.swift; path = DetailsSearchCellLabel.swift; sourceTree = "<group>"; };
		FF60EA2D1FBC977F005C2BBA /* TabBarVC.xib */ = {isa = PBXFileReference; lastKnownFileType = file.xib; path = TabBarVC.xib; sourceTree = "<group>"; };
		FF60EA311FBD927C005C2BBA /* MainCounterVM.swift */ = {isa = PBXFileReference; lastKnownFileType = sourcecode.swift; path = MainCounterVM.swift; sourceTree = "<group>"; };
		FF60EA361FBD9D1D005C2BBA /* PlayerNameV.swift */ = {isa = PBXFileReference; lastKnownFileType = sourcecode.swift; path = PlayerNameV.swift; sourceTree = "<group>"; };
		FF60EA381FBD9D2B005C2BBA /* PlayerNameVM.swift */ = {isa = PBXFileReference; lastKnownFileType = sourcecode.swift; path = PlayerNameVM.swift; sourceTree = "<group>"; };
		FF60EA3C1FBDA395005C2BBA /* Constants.swift */ = {isa = PBXFileReference; lastKnownFileType = sourcecode.swift; path = Constants.swift; sourceTree = "<group>"; };
		FF60EA3F1FBDE80D005C2BBA /* DataManager.swift */ = {isa = PBXFileReference; lastKnownFileType = sourcecode.swift; path = DataManager.swift; sourceTree = "<group>"; };
		FF60EA421FBE13FC005C2BBA /* NSManagedObjectExtension.swift */ = {isa = PBXFileReference; lastKnownFileType = sourcecode.swift; path = NSManagedObjectExtension.swift; sourceTree = "<group>"; };
		FF60EA471FC0B780005C2BBA /* AvatarImageView.swift */ = {isa = PBXFileReference; lastKnownFileType = sourcecode.swift; path = AvatarImageView.swift; sourceTree = "<group>"; };
		FF60EA491FC0DE80005C2BBA /* AvatarLayerView.swift */ = {isa = PBXFileReference; lastKnownFileType = sourcecode.swift; path = AvatarLayerView.swift; sourceTree = "<group>"; };
		FF60EA4B1FC0DF6A005C2BBA /* AvatarVM.swift */ = {isa = PBXFileReference; lastKnownFileType = sourcecode.swift; path = AvatarVM.swift; sourceTree = "<group>"; };
		FF60EA4D1FC0DF74005C2BBA /* AvatarM.swift */ = {isa = PBXFileReference; lastKnownFileType = sourcecode.swift; path = AvatarM.swift; sourceTree = "<group>"; };
		FF60EA501FC0F7AE005C2BBA /* RandomAvatarLabel.swift */ = {isa = PBXFileReference; lastKnownFileType = sourcecode.swift; path = RandomAvatarLabel.swift; sourceTree = "<group>"; };
		FF60EA521FC0F7BF005C2BBA /* RandomAvatarVM.swift */ = {isa = PBXFileReference; lastKnownFileType = sourcecode.swift; path = RandomAvatarVM.swift; sourceTree = "<group>"; };
		FF60EA541FC0F7C8005C2BBA /* RandomAvatarM.swift */ = {isa = PBXFileReference; lastKnownFileType = sourcecode.swift; path = RandomAvatarM.swift; sourceTree = "<group>"; };
		FF60EA561FC0F9E4005C2BBA /* DataExtension.swift */ = {isa = PBXFileReference; lastKnownFileType = sourcecode.swift; path = DataExtension.swift; sourceTree = "<group>"; };
		FF60EA581FC0F9F1005C2BBA /* UIImageExtension.swift */ = {isa = PBXFileReference; lastKnownFileType = sourcecode.swift; path = UIImageExtension.swift; sourceTree = "<group>"; };
		FF7255791FD92F1A00F8D820 /* keyboardButtonsView.swift */ = {isa = PBXFileReference; lastKnownFileType = sourcecode.swift; path = keyboardButtonsView.swift; sourceTree = "<group>"; };
		FF72557B1FDA822D00F8D820 /* CardSearchVC.swift */ = {isa = PBXFileReference; lastKnownFileType = sourcecode.swift; path = CardSearchVC.swift; sourceTree = "<group>"; };
		FF72557C1FDA822D00F8D820 /* CardSearchVC.xib */ = {isa = PBXFileReference; lastKnownFileType = file.xib; path = CardSearchVC.xib; sourceTree = "<group>"; };
		FF72557F1FDA824000F8D820 /* CardSearchVM.swift */ = {isa = PBXFileReference; lastKnownFileType = sourcecode.swift; path = CardSearchVM.swift; sourceTree = "<group>"; };
		FF7255811FDA824900F8D820 /* Card.swift */ = {isa = PBXFileReference; lastKnownFileType = sourcecode.swift; path = Card.swift; sourceTree = "<group>"; };
		FF7255851FDA88FC00F8D820 /* CardSearchCell.swift */ = {isa = PBXFileReference; lastKnownFileType = sourcecode.swift; path = CardSearchCell.swift; sourceTree = "<group>"; };
		FF7255861FDA88FC00F8D820 /* CardSearchCell.xib */ = {isa = PBXFileReference; lastKnownFileType = file.xib; path = CardSearchCell.xib; sourceTree = "<group>"; };
		FF7255891FDA891500F8D820 /* CardSearchCellVM.swift */ = {isa = PBXFileReference; lastKnownFileType = sourcecode.swift; path = CardSearchCellVM.swift; sourceTree = "<group>"; };
		FF72558B1FDAADB000F8D820 /* SearchManager.swift */ = {isa = PBXFileReference; lastKnownFileType = sourcecode.swift; path = SearchManager.swift; sourceTree = "<group>"; };
		FF72558E1FE160A500F8D820 /* CardDetailsSearchVC.swift */ = {isa = PBXFileReference; lastKnownFileType = sourcecode.swift; path = CardDetailsSearchVC.swift; sourceTree = "<group>"; };
		FF72558F1FE160A500F8D820 /* CardDetailsSearchVC.xib */ = {isa = PBXFileReference; lastKnownFileType = file.xib; path = CardDetailsSearchVC.xib; sourceTree = "<group>"; };
		FF7255921FE1612E00F8D820 /* CardDetailsSearchVM.swift */ = {isa = PBXFileReference; lastKnownFileType = sourcecode.swift; path = CardDetailsSearchVM.swift; sourceTree = "<group>"; };
		FF7255951FE1621100F8D820 /* CardDetailsSearchCell.swift */ = {isa = PBXFileReference; lastKnownFileType = sourcecode.swift; path = CardDetailsSearchCell.swift; sourceTree = "<group>"; };
		FF7255961FE1621100F8D820 /* CardDetailsSearchCell.xib */ = {isa = PBXFileReference; lastKnownFileType = file.xib; path = CardDetailsSearchCell.xib; sourceTree = "<group>"; };
		FF7255991FE1622A00F8D820 /* CardDetailsSearchCellVM.swift */ = {isa = PBXFileReference; lastKnownFileType = sourcecode.swift; path = CardDetailsSearchCellVM.swift; sourceTree = "<group>"; };
		FF72559C1FE190E100F8D820 /* CardDetailsVC.swift */ = {isa = PBXFileReference; lastKnownFileType = sourcecode.swift; path = CardDetailsVC.swift; sourceTree = "<group>"; };
		FF72559D1FE190E100F8D820 /* CardDetailsVC.xib */ = {isa = PBXFileReference; lastKnownFileType = file.xib; path = CardDetailsVC.xib; sourceTree = "<group>"; };
		FF7255A01FE190F700F8D820 /* CardDetailsVM.swift */ = {isa = PBXFileReference; lastKnownFileType = sourcecode.swift; path = CardDetailsVM.swift; sourceTree = "<group>"; };
		FFA11F3F1FE257D900E27891 /* CardZoomVC.swift */ = {isa = PBXFileReference; lastKnownFileType = sourcecode.swift; path = CardZoomVC.swift; sourceTree = "<group>"; };
		FFA11F401FE257D900E27891 /* CardZoomVC.xib */ = {isa = PBXFileReference; lastKnownFileType = file.xib; path = CardZoomVC.xib; sourceTree = "<group>"; };
/* End PBXFileReference section */

/* Begin PBXFrameworksBuildPhase section */
		FF333FC51FB5A5C500E980AA /* Frameworks */ = {
			isa = PBXFrameworksBuildPhase;
			buildActionMask = 2147483647;
			files = (
				8B660194EDF8BDB28E868D7A /* Pods_CommanderAppSwift.framework in Frameworks */,
			);
			runOnlyForDeploymentPostprocessing = 0;
		};
		FF333FDC1FB5A5C700E980AA /* Frameworks */ = {
			isa = PBXFrameworksBuildPhase;
			buildActionMask = 2147483647;
			files = (
			);
			runOnlyForDeploymentPostprocessing = 0;
		};
		FF333FE71FB5A5C700E980AA /* Frameworks */ = {
			isa = PBXFrameworksBuildPhase;
			buildActionMask = 2147483647;
			files = (
			);
			runOnlyForDeploymentPostprocessing = 0;
		};
/* End PBXFrameworksBuildPhase section */

/* Begin PBXGroup section */
		4A10495D5269D3315DA1EAF7 /* Frameworks */ = {
			isa = PBXGroup;
			children = (
				B114FF8F34C504DB0A541400 /* Pods_CommanderAppSwift.framework */,
			);
			name = Frameworks;
			sourceTree = "<group>";
		};
		FC645F16D31E16E00F7D93CF /* Pods */ = {
			isa = PBXGroup;
			children = (
				B8F38C182BD5D0DCDDC2D4CC /* Pods-CommanderAppSwift.debug.xcconfig */,
				C4B6933BBBB776716C3A1330 /* Pods-CommanderAppSwift.release.xcconfig */,
			);
			name = Pods;
			sourceTree = "<group>";
		};
		FF1BBAED1FC3A6BF009271C4 /* ManaCounters */ = {
			isa = PBXGroup;
			children = (
				FF3340101FB8E9D100E980AA /* ManaCounterVC.swift */,
				FF1BBAE91FC273AA009271C4 /* ManaCounterVM.swift */,
				FF3340111FB8E9D100E980AA /* ManaCounterVC.xib */,
			);
			path = ManaCounters;
			sourceTree = "<group>";
		};
		FF1BBAEE1FC3A70B009271C4 /* separateViews */ = {
			isa = PBXGroup;
			children = (
				FF1BBAEF1FC3A72E009271C4 /* ManaLabel.swift */,
				FF1BBAF61FC4A781009271C4 /* MainCountersLabel.swift */,
				FF5440171FD4F60E0065C87A /* CountersTextField.swift */,
				FF5440191FD4FA820065C87A /* ChangeCounterButton.swift */,
				FF54401B1FD4FC800065C87A /* CountersButton.swift */,
				FF56E7741FE1B38E008E5D54 /* DetailsSearchCellLabel.swift */,
			);
			path = separateViews;
			sourceTree = "<group>";
		};
		FF1BBAF11FC3B11B009271C4 /* Cells */ = {
			isa = PBXGroup;
			children = (
				FF1BBB471FC7C4A7009271C4 /* Zero Cell */,
				FF1BBAFA1FC4CB4D009271C4 /* First Counter Cell */,
				FF1BBAFE1FC4CB8E009271C4 /* Second Counter Cell */,
				FF1BBB071FC4FE1A009271C4 /* Third Counter Cell */,
				FF1BBB101FC4FE8A009271C4 /* Fourth Counter Cell */,
			);
			path = Cells;
			sourceTree = "<group>";
		};
		FF1BBAFA1FC4CB4D009271C4 /* First Counter Cell */ = {
			isa = PBXGroup;
			children = (
				FF3340181FB8FFB600E980AA /* FirstCounterCell.swift */,
				FF1BBAF21FC3B15E009271C4 /* FirstCounterCellVM.swift */,
				FF3340191FB8FFB600E980AA /* FirstCounterCell.xib */,
			);
			path = "First Counter Cell";
			sourceTree = "<group>";
		};
		FF1BBAFE1FC4CB8E009271C4 /* Second Counter Cell */ = {
			isa = PBXGroup;
			children = (
				FF1BBAFC1FC4CB88009271C4 /* SecondCounterCell.swift */,
				FF1BBAFF1FC4CBBB009271C4 /* SecondCounterCellVM.swift */,
				FF1BBB031FC4CBE8009271C4 /* SecondCounterCell.xib */,
			);
			path = "Second Counter Cell";
			sourceTree = "<group>";
		};
		FF1BBB071FC4FE1A009271C4 /* Third Counter Cell */ = {
			isa = PBXGroup;
			children = (
				FF1BBB051FC4FE15009271C4 /* ThirdCounterCell.swift */,
				FF1BBB0A1FC4FE60009271C4 /* ThirdCounterCellVM.swift */,
				FF1BBB081FC4FE3A009271C4 /* ThirdCounterCell.xib */,
			);
			path = "Third Counter Cell";
			sourceTree = "<group>";
		};
		FF1BBB101FC4FE8A009271C4 /* Fourth Counter Cell */ = {
			isa = PBXGroup;
			children = (
				FF1BBB0E1FC4FE83009271C4 /* FourthCounterCell.swift */,
				FF1BBB111FC4FEBB009271C4 /* FourthCounterCellVM.swift */,
				FF54401D1FD5BE790065C87A /* FourthCounterCell.xib */,
			);
			path = "Fourth Counter Cell";
			sourceTree = "<group>";
		};
		FF1BBB171FC524F7009271C4 /* Notes */ = {
			isa = PBXGroup;
			children = (
				FF33401C1FB9031200E980AA /* NotesVC.swift */,
				FF1BBB4A1FC7C817009271C4 /* NotesVM.swift */,
				FF33401D1FB9031200E980AA /* NotesVC.xib */,
				FF1BBB911FCB37BC009271C4 /* Cell */,
				FF1BBB921FCB37CE009271C4 /* Note Details */,
			);
			path = Notes;
			sourceTree = "<group>";
		};
		FF1BBB181FC52517009271C4 /* Menu */ = {
			isa = PBXGroup;
			children = (
				FF3340081FB5BE9E00E980AA /* MenuVC.swift */,
				FF1BBB231FC63596009271C4 /* MenuVM.swift */,
				FF3340091FB5BE9E00E980AA /* MenuVC.xib */,
				FF1BBB271FC635A7009271C4 /* Menu Cell */,
			);
			path = Menu;
			sourceTree = "<group>";
		};
		FF1BBB1D1FC52E76009271C4 /* Main Counter Container */ = {
			isa = PBXGroup;
			children = (
				FF3340061FB5BE6B00E980AA /* MainCounterContainerVC.swift */,
				FF1BBB191FC52E64009271C4 /* MainCounterContainerVM.swift */,
				FF3340141FB8FBEB00E980AA /* MainCounterContainerVC.xib */,
			);
			path = "Main Counter Container";
			sourceTree = "<group>";
		};
		FF1BBB1E1FC52E9C009271C4 /* Main Counter */ = {
			isa = PBXGroup;
			children = (
				FF3340021FB5BE0D00E980AA /* MainCounterVC.swift */,
				FF60EA311FBD927C005C2BBA /* MainCounterVM.swift */,
				FF3340031FB5BE0D00E980AA /* MainCounterVC.xib */,
			);
			path = "Main Counter";
			sourceTree = "<group>";
		};
		FF1BBB271FC635A7009271C4 /* Menu Cell */ = {
			isa = PBXGroup;
			children = (
				FF1BBB1F1FC63580009271C4 /* MenuCell.swift */,
				FF1BBB201FC63580009271C4 /* MenuCell.xib */,
			);
			path = "Menu Cell";
			sourceTree = "<group>";
		};
		FF1BBB2C1FC66C61009271C4 /* Roll A Die */ = {
			isa = PBXGroup;
			children = (
				FF1BBB2D1FC66C86009271C4 /* RollADieVC.swift */,
				FF1BBB311FC66C9B009271C4 /* RollADieVM.swift */,
				FF1BBB331FC66CA5009271C4 /* RollADieM.swift */,
				FF1BBB2E1FC66C86009271C4 /* RollADieVC.xib */,
			);
			path = "Roll A Die";
			sourceTree = "<group>";
		};
		FF1BBB351FC66CAB009271C4 /* Heads Or Tails */ = {
			isa = PBXGroup;
			children = (
				FF1BBB361FC66CC2009271C4 /* HeadsOrTailsVC.swift */,
				FF1BBB3A1FC66CD3009271C4 /* HeadsOrTailsVM.swift */,
				FF1BBB3C1FC66CDD009271C4 /* HeadsOrTailsM.swift */,
				FF1BBB371FC66CC2009271C4 /* HeadsOrTailsVC.xib */,
			);
			path = "Heads Or Tails";
			sourceTree = "<group>";
		};
		FF1BBB461FC79942009271C4 /* Alert For Main Counters */ = {
			isa = PBXGroup;
			children = (
				FF1BBB3E1FC78F1A009271C4 /* MainCountersAlertVC.swift */,
				FF1BBB421FC792E8009271C4 /* MainCountersAlertVM.swift */,
				FF1BBB441FC792F7009271C4 /* MainCountersAlertM.swift */,
				FF1BBB3F1FC78F1A009271C4 /* MainCountersAlertVC.xib */,
			);
			path = "Alert For Main Counters";
			sourceTree = "<group>";
		};
		FF1BBB471FC7C4A7009271C4 /* Zero Cell */ = {
			isa = PBXGroup;
			children = (
				FF1BBB481FC7C4CE009271C4 /* ZeroCounterCell.swift */,
				FF1BBBA81FD2D5C8009271C4 /* ZeroCounterCellVM.swift */,
				FF1BBBA61FD2D3C2009271C4 /* ZeroCounterCell.xib */,
			);
			path = "Zero Cell";
			sourceTree = "<group>";
		};
		FF1BBB911FCB37BC009271C4 /* Cell */ = {
			isa = PBXGroup;
			children = (
				FF3340201FB9033C00E980AA /* NotesCell.swift */,
				FF1BBB8D1FC89192009271C4 /* NotesCellVM.swift */,
				FF3340211FB9033C00E980AA /* NotesTableViewCell.xib */,
			);
			path = Cell;
			sourceTree = "<group>";
		};
		FF1BBB921FCB37CE009271C4 /* Note Details */ = {
			isa = PBXGroup;
			children = (
				FF1BBB931FCB37F5009271C4 /* NoteDetailsVC.swift */,
				FF1BBB8F1FC8D510009271C4 /* NoteDetailsVM.swift */,
				FF1BBB941FCB37F5009271C4 /* NoteDetailsVC.xib */,
				FF7255781FD92EED00F8D820 /* Keyboard Buttons */,
			);
			path = "Note Details";
			sourceTree = "<group>";
		};
		FF1BBB9A1FCC19E8009271C4 /* Main Nav Controler */ = {
			isa = PBXGroup;
			children = (
				FF33400E1FB615A200E980AA /* MainNavController.swift */,
				FF1BBB971FCC19A2009271C4 /* MainNavToolBar.swift */,
			);
			path = "Main Nav Controler";
			sourceTree = "<group>";
		};
		FF1BBB9B1FCC1A03009271C4 /* Tab Bar View Controller */ = {
			isa = PBXGroup;
			children = (
				FF333FFC1FB5B92500E980AA /* TabBarViewController.swift */,
				FF1BBB9C1FCC1A2A009271C4 /* TabBarSwitchAnimations.swift */,
				FF60EA2D1FBC977F005C2BBA /* TabBarVC.xib */,
			);
			path = "Tab Bar View Controller";
			sourceTree = "<group>";
		};
		FF333FBF1FB5A5C500E980AA = {
			isa = PBXGroup;
			children = (
				FF333FCA1FB5A5C500E980AA /* CommanderAppSwift */,
				FF333FE21FB5A5C700E980AA /* CommanderAppSwiftTests */,
				FF333FED1FB5A5C700E980AA /* CommanderAppSwiftUITests */,
				FF333FC91FB5A5C500E980AA /* Products */,
				FC645F16D31E16E00F7D93CF /* Pods */,
				4A10495D5269D3315DA1EAF7 /* Frameworks */,
			);
			sourceTree = "<group>";
		};
		FF333FC91FB5A5C500E980AA /* Products */ = {
			isa = PBXGroup;
			children = (
				FF333FC81FB5A5C500E980AA /* CommanderAppSwift.app */,
				FF333FDF1FB5A5C700E980AA /* CommanderAppSwiftTests.xctest */,
				FF333FEA1FB5A5C700E980AA /* CommanderAppSwiftUITests.xctest */,
			);
			name = Products;
			sourceTree = "<group>";
		};
		FF333FCA1FB5A5C500E980AA /* CommanderAppSwift */ = {
			isa = PBXGroup;
			children = (
				FF333FCB1FB5A5C500E980AA /* AppDelegate.swift */,
				FF60EA3E1FBDE7F6005C2BBA /* Managers */,
				FF7255831FDA824E00F8D820 /* Card Search */,
				FF5440231FD7A5CC0065C87A /* Camera */,
				FF5440241FD7A5D60065C87A /* Alerts */,
				FF1BBB9B1FCC1A03009271C4 /* Tab Bar View Controller */,
				FF1BBB9A1FCC19E8009271C4 /* Main Nav Controler */,
				FF1BBB351FC66CAB009271C4 /* Heads Or Tails */,
				FF1BBB2C1FC66C61009271C4 /* Roll A Die */,
				FF1BBB1E1FC52E9C009271C4 /* Main Counter */,
				FF1BBB1D1FC52E76009271C4 /* Main Counter Container */,
				FF1BBAF11FC3B11B009271C4 /* Cells */,
				FF1BBAED1FC3A6BF009271C4 /* ManaCounters */,
				FF1BBB171FC524F7009271C4 /* Notes */,
				FF1BBB181FC52517009271C4 /* Menu */,
				FF1BBAEE1FC3A70B009271C4 /* separateViews */,
				FF60EA411FBE13C8005C2BBA /* Category */,
				FF60EA351FBD9CF0005C2BBA /* PlayerNameTextField */,
				FF60EA461FC0B72F005C2BBA /* PlayersAvatarView */,
				FF333FD71FB5A5C600E980AA /* LaunchScreen.storyboard */,
				FF333FDA1FB5A5C600E980AA /* Info.plist */,
				FF333FD51FB5A5C500E980AA /* Assets.xcassets */,
				FF333FD21FB5A5C500E980AA /* CommanderAppSwift.xcdatamodeld */,
			);
			path = CommanderAppSwift;
			sourceTree = "<group>";
		};
		FF333FE21FB5A5C700E980AA /* CommanderAppSwiftTests */ = {
			isa = PBXGroup;
			children = (
				FF333FE31FB5A5C700E980AA /* CommanderAppSwiftTests.swift */,
				FF333FE51FB5A5C700E980AA /* Info.plist */,
			);
			path = CommanderAppSwiftTests;
			sourceTree = "<group>";
		};
		FF333FED1FB5A5C700E980AA /* CommanderAppSwiftUITests */ = {
			isa = PBXGroup;
			children = (
				FF333FEE1FB5A5C700E980AA /* CommanderAppSwiftUITests.swift */,
				FF333FF01FB5A5C700E980AA /* Info.plist */,
			);
			path = CommanderAppSwiftUITests;
			sourceTree = "<group>";
		};
		FF4FA37C1FE3EF2A0029C63C /* Card Zoom */ = {
			isa = PBXGroup;
			children = (
				FFA11F3F1FE257D900E27891 /* CardZoomVC.swift */,
				FFA11F401FE257D900E27891 /* CardZoomVC.xib */,
			);
			path = "Card Zoom";
			sourceTree = "<group>";
		};
		FF4FA37D1FE3EF390029C63C /* No Results Controller Alert */ = {
			isa = PBXGroup;
			children = (
				FF4FA3781FE3EF230029C63C /* NoResultsVC.swift */,
				FF4FA3791FE3EF230029C63C /* NoResultsVC.xib */,
			);
			path = "No Results Controller Alert";
			sourceTree = "<group>";
		};
		FF5440231FD7A5CC0065C87A /* Camera */ = {
			isa = PBXGroup;
			children = (
				FF5440211FD7A5C30065C87A /* CameraVC.swift */,
				FF54402B1FD7A7700065C87A /* CameraData.swift */,
				FF5440271FD7A70D0065C87A /* CameraView.swift */,
				FF5440291FD7A7620065C87A /* AudioSessionData.swift */,
				FF5440251FD7A5F40065C87A /* cameraXIB.xib */,
			);
			path = Camera;
			sourceTree = "<group>";
		};
		FF5440241FD7A5D60065C87A /* Alerts */ = {
			isa = PBXGroup;
			children = (
				FF54401F1FD6A8B90065C87A /* CameraActionSheetView.swift */,
				FF4FA37D1FE3EF390029C63C /* No Results Controller Alert */,
				FF1BBB461FC79942009271C4 /* Alert For Main Counters */,
			);
			path = Alerts;
			sourceTree = "<group>";
		};
		FF60EA351FBD9CF0005C2BBA /* PlayerNameTextField */ = {
			isa = PBXGroup;
			children = (
				FF60EA361FBD9D1D005C2BBA /* PlayerNameV.swift */,
				FF60EA381FBD9D2B005C2BBA /* PlayerNameVM.swift */,
			);
			path = PlayerNameTextField;
			sourceTree = "<group>";
		};
		FF60EA3E1FBDE7F6005C2BBA /* Managers */ = {
			isa = PBXGroup;
			children = (
				FF60EA3F1FBDE80D005C2BBA /* DataManager.swift */,
				FF72558B1FDAADB000F8D820 /* SearchManager.swift */,
			);
			path = Managers;
			sourceTree = "<group>";
		};
		FF60EA411FBE13C8005C2BBA /* Category */ = {
			isa = PBXGroup;
			children = (
				FF3340241FB9046900E980AA /* UIColorExtension.swift */,
				FF60EA421FBE13FC005C2BBA /* NSManagedObjectExtension.swift */,
				FF60EA561FC0F9E4005C2BBA /* DataExtension.swift */,
				FF60EA581FC0F9F1005C2BBA /* UIImageExtension.swift */,
				FF60EA3C1FBDA395005C2BBA /* Constants.swift */,
				FF4FA3721FE345090029C63C /* VariousExtensions.swift */,
			);
			path = Category;
			sourceTree = "<group>";
		};
		FF60EA461FC0B72F005C2BBA /* PlayersAvatarView */ = {
			isa = PBXGroup;
			children = (
				FF60EA491FC0DE80005C2BBA /* AvatarLayerView.swift */,
				FF60EA471FC0B780005C2BBA /* AvatarImageView.swift */,
				FF60EA4B1FC0DF6A005C2BBA /* AvatarVM.swift */,
				FF60EA4D1FC0DF74005C2BBA /* AvatarM.swift */,
				FF60EA4F1FC0F788005C2BBA /* RandomAvatar */,
			);
			path = PlayersAvatarView;
			sourceTree = "<group>";
		};
		FF60EA4F1FC0F788005C2BBA /* RandomAvatar */ = {
			isa = PBXGroup;
			children = (
				FF60EA501FC0F7AE005C2BBA /* RandomAvatarLabel.swift */,
				FF60EA521FC0F7BF005C2BBA /* RandomAvatarVM.swift */,
				FF60EA541FC0F7C8005C2BBA /* RandomAvatarM.swift */,
			);
			path = RandomAvatar;
			sourceTree = "<group>";
		};
		FF7255781FD92EED00F8D820 /* Keyboard Buttons */ = {
			isa = PBXGroup;
			children = (
				FF7255791FD92F1A00F8D820 /* keyboardButtonsView.swift */,
			);
			path = "Keyboard Buttons";
			sourceTree = "<group>";
		};
		FF7255831FDA824E00F8D820 /* Card Search */ = {
			isa = PBXGroup;
			children = (
				FF72557B1FDA822D00F8D820 /* CardSearchVC.swift */,
				FF72557F1FDA824000F8D820 /* CardSearchVM.swift */,
				FF72557C1FDA822D00F8D820 /* CardSearchVC.xib */,
				FF7255811FDA824900F8D820 /* Card.swift */,
				FF4FA37C1FE3EF2A0029C63C /* Card Zoom */,
				FF72559B1FE190B900F8D820 /* CardDetails */,
				FF7255841FDA88D500F8D820 /* Card Search Cell */,
				FF72558D1FE1607000F8D820 /* Card Details Search */,
			);
			path = "Card Search";
			sourceTree = "<group>";
		};
		FF7255841FDA88D500F8D820 /* Card Search Cell */ = {
			isa = PBXGroup;
			children = (
				FF7255851FDA88FC00F8D820 /* CardSearchCell.swift */,
				FF7255891FDA891500F8D820 /* CardSearchCellVM.swift */,
				FF7255861FDA88FC00F8D820 /* CardSearchCell.xib */,
			);
			path = "Card Search Cell";
			sourceTree = "<group>";
		};
		FF72558D1FE1607000F8D820 /* Card Details Search */ = {
			isa = PBXGroup;
			children = (
				FF72558E1FE160A500F8D820 /* CardDetailsSearchVC.swift */,
				FF7255921FE1612E00F8D820 /* CardDetailsSearchVM.swift */,
				FF72558F1FE160A500F8D820 /* CardDetailsSearchVC.xib */,
				FF7255941FE161D800F8D820 /* Card Details Search Cell */,
			);
			path = "Card Details Search";
			sourceTree = "<group>";
		};
		FF7255941FE161D800F8D820 /* Card Details Search Cell */ = {
			isa = PBXGroup;
			children = (
				FF7255951FE1621100F8D820 /* CardDetailsSearchCell.swift */,
				FF7255991FE1622A00F8D820 /* CardDetailsSearchCellVM.swift */,
				FF7255961FE1621100F8D820 /* CardDetailsSearchCell.xib */,
			);
			path = "Card Details Search Cell";
			sourceTree = "<group>";
		};
		FF72559B1FE190B900F8D820 /* CardDetails */ = {
			isa = PBXGroup;
			children = (
				FF72559C1FE190E100F8D820 /* CardDetailsVC.swift */,
				FF7255A01FE190F700F8D820 /* CardDetailsVM.swift */,
				FF72559D1FE190E100F8D820 /* CardDetailsVC.xib */,
			);
			path = CardDetails;
			sourceTree = "<group>";
		};
/* End PBXGroup section */

/* Begin PBXNativeTarget section */
		FF333FC71FB5A5C500E980AA /* CommanderAppSwift */ = {
			isa = PBXNativeTarget;
			buildConfigurationList = FF333FF31FB5A5C700E980AA /* Build configuration list for PBXNativeTarget "CommanderAppSwift" */;
			buildPhases = (
				E181334E7BD9B74D3EC61B2C /* [CP] Check Pods Manifest.lock */,
				FF333FC41FB5A5C500E980AA /* Sources */,
				FF333FC51FB5A5C500E980AA /* Frameworks */,
				FF333FC61FB5A5C500E980AA /* Resources */,
				80D160E77EE0C25BADB831E7 /* [CP] Embed Pods Frameworks */,
				AE3F0232B828F485C3752E54 /* [CP] Copy Pods Resources */,
			);
			buildRules = (
			);
			dependencies = (
			);
			name = CommanderAppSwift;
			productName = CommanderAppSwift;
			productReference = FF333FC81FB5A5C500E980AA /* CommanderAppSwift.app */;
			productType = "com.apple.product-type.application";
		};
		FF333FDE1FB5A5C700E980AA /* CommanderAppSwiftTests */ = {
			isa = PBXNativeTarget;
			buildConfigurationList = FF333FF61FB5A5C700E980AA /* Build configuration list for PBXNativeTarget "CommanderAppSwiftTests" */;
			buildPhases = (
				FF333FDB1FB5A5C700E980AA /* Sources */,
				FF333FDC1FB5A5C700E980AA /* Frameworks */,
				FF333FDD1FB5A5C700E980AA /* Resources */,
			);
			buildRules = (
			);
			dependencies = (
				FF333FE11FB5A5C700E980AA /* PBXTargetDependency */,
			);
			name = CommanderAppSwiftTests;
			productName = CommanderAppSwiftTests;
			productReference = FF333FDF1FB5A5C700E980AA /* CommanderAppSwiftTests.xctest */;
			productType = "com.apple.product-type.bundle.unit-test";
		};
		FF333FE91FB5A5C700E980AA /* CommanderAppSwiftUITests */ = {
			isa = PBXNativeTarget;
			buildConfigurationList = FF333FF91FB5A5C700E980AA /* Build configuration list for PBXNativeTarget "CommanderAppSwiftUITests" */;
			buildPhases = (
				FF333FE61FB5A5C700E980AA /* Sources */,
				FF333FE71FB5A5C700E980AA /* Frameworks */,
				FF333FE81FB5A5C700E980AA /* Resources */,
			);
			buildRules = (
			);
			dependencies = (
				FF333FEC1FB5A5C700E980AA /* PBXTargetDependency */,
			);
			name = CommanderAppSwiftUITests;
			productName = CommanderAppSwiftUITests;
			productReference = FF333FEA1FB5A5C700E980AA /* CommanderAppSwiftUITests.xctest */;
			productType = "com.apple.product-type.bundle.ui-testing";
		};
/* End PBXNativeTarget section */

/* Begin PBXProject section */
		FF333FC01FB5A5C500E980AA /* Project object */ = {
			isa = PBXProject;
			attributes = {
				LastSwiftUpdateCheck = 0900;
				LastUpgradeCheck = 0900;
				ORGANIZATIONNAME = VasiliyEgorov;
				TargetAttributes = {
					FF333FC71FB5A5C500E980AA = {
						CreatedOnToolsVersion = 9.0.1;
						ProvisioningStyle = Automatic;
					};
					FF333FDE1FB5A5C700E980AA = {
						CreatedOnToolsVersion = 9.0.1;
						ProvisioningStyle = Automatic;
						TestTargetID = FF333FC71FB5A5C500E980AA;
					};
					FF333FE91FB5A5C700E980AA = {
						CreatedOnToolsVersion = 9.0.1;
						ProvisioningStyle = Automatic;
						TestTargetID = FF333FC71FB5A5C500E980AA;
					};
				};
			};
			buildConfigurationList = FF333FC31FB5A5C500E980AA /* Build configuration list for PBXProject "CommanderAppSwift" */;
			compatibilityVersion = "Xcode 8.0";
			developmentRegion = en;
			hasScannedForEncodings = 0;
			knownRegions = (
				en,
				Base,
			);
			mainGroup = FF333FBF1FB5A5C500E980AA;
			productRefGroup = FF333FC91FB5A5C500E980AA /* Products */;
			projectDirPath = "";
			projectRoot = "";
			targets = (
				FF333FC71FB5A5C500E980AA /* CommanderAppSwift */,
				FF333FDE1FB5A5C700E980AA /* CommanderAppSwiftTests */,
				FF333FE91FB5A5C700E980AA /* CommanderAppSwiftUITests */,
			);
		};
/* End PBXProject section */

/* Begin PBXResourcesBuildPhase section */
		FF333FC61FB5A5C500E980AA /* Resources */ = {
			isa = PBXResourcesBuildPhase;
			buildActionMask = 2147483647;
			files = (
				FF1BBB091FC4FE3A009271C4 /* ThirdCounterCell.xib in Resources */,
				FF7255881FDA88FC00F8D820 /* CardSearchCell.xib in Resources */,
				FF3340131FB8E9D100E980AA /* ManaCounterVC.xib in Resources */,
				FFA11F421FE257D900E27891 /* CardZoomVC.xib in Resources */,
				FF72557E1FDA822D00F8D820 /* CardSearchVC.xib in Resources */,
				FF7255911FE160A500F8D820 /* CardDetailsSearchVC.xib in Resources */,
				FF1BBB221FC63580009271C4 /* MenuCell.xib in Resources */,
				FF3340051FB5BE0D00E980AA /* MainCounterVC.xib in Resources */,
				FF72559F1FE190E100F8D820 /* CardDetailsVC.xib in Resources */,
				FF333FD91FB5A5C600E980AA /* LaunchScreen.storyboard in Resources */,
				FF7255981FE1621100F8D820 /* CardDetailsSearchCell.xib in Resources */,
				FF333FD61FB5A5C500E980AA /* Assets.xcassets in Resources */,
				FF3340231FB9033C00E980AA /* NotesTableViewCell.xib in Resources */,
				FF60EA2E1FBC977F005C2BBA /* TabBarVC.xib in Resources */,
				FF1BBB301FC66C86009271C4 /* RollADieVC.xib in Resources */,
				FF54401E1FD5BE790065C87A /* FourthCounterCell.xib in Resources */,
				FF5440261FD7A5F40065C87A /* cameraXIB.xib in Resources */,
				FF33401F1FB9031200E980AA /* NotesVC.xib in Resources */,
				FF33400B1FB5BE9E00E980AA /* MenuVC.xib in Resources */,
				FF4FA37B1FE3EF230029C63C /* NoResultsVC.xib in Resources */,
				FF3340151FB8FBEC00E980AA /* MainCounterContainerVC.xib in Resources */,
				FF1BBBA71FD2D3C2009271C4 /* ZeroCounterCell.xib in Resources */,
				FF33401B1FB8FFB600E980AA /* FirstCounterCell.xib in Resources */,
				FF1BBB961FCB37F5009271C4 /* NoteDetailsVC.xib in Resources */,
				FF1BBB411FC78F1A009271C4 /* MainCountersAlertVC.xib in Resources */,
				FF1BBB041FC4CBE8009271C4 /* SecondCounterCell.xib in Resources */,
				FF1BBB391FC66CC2009271C4 /* HeadsOrTailsVC.xib in Resources */,
			);
			runOnlyForDeploymentPostprocessing = 0;
		};
		FF333FDD1FB5A5C700E980AA /* Resources */ = {
			isa = PBXResourcesBuildPhase;
			buildActionMask = 2147483647;
			files = (
			);
			runOnlyForDeploymentPostprocessing = 0;
		};
		FF333FE81FB5A5C700E980AA /* Resources */ = {
			isa = PBXResourcesBuildPhase;
			buildActionMask = 2147483647;
			files = (
			);
			runOnlyForDeploymentPostprocessing = 0;
		};
/* End PBXResourcesBuildPhase section */

/* Begin PBXShellScriptBuildPhase section */
		80D160E77EE0C25BADB831E7 /* [CP] Embed Pods Frameworks */ = {
			isa = PBXShellScriptBuildPhase;
			buildActionMask = 2147483647;
			files = (
			);
			inputPaths = (
				"${SRCROOT}/Pods/Target Support Files/Pods-CommanderAppSwift/Pods-CommanderAppSwift-frameworks.sh",
				"${BUILT_PRODUCTS_DIR}/Alamofire/Alamofire.framework",
				"${BUILT_PRODUCTS_DIR}/AlamofireImage/AlamofireImage.framework",
				"${BUILT_PRODUCTS_DIR}/Bond/Bond.framework",
				"${BUILT_PRODUCTS_DIR}/Differ/Differ.framework",
				"${BUILT_PRODUCTS_DIR}/ReactiveKit/ReactiveKit.framework",
				"${BUILT_PRODUCTS_DIR}/SWRevealViewController/SWRevealViewController.framework",
			);
			name = "[CP] Embed Pods Frameworks";
			outputPaths = (
				"${TARGET_BUILD_DIR}/${FRAMEWORKS_FOLDER_PATH}/Alamofire.framework",
				"${TARGET_BUILD_DIR}/${FRAMEWORKS_FOLDER_PATH}/AlamofireImage.framework",
				"${TARGET_BUILD_DIR}/${FRAMEWORKS_FOLDER_PATH}/Bond.framework",
				"${TARGET_BUILD_DIR}/${FRAMEWORKS_FOLDER_PATH}/Differ.framework",
				"${TARGET_BUILD_DIR}/${FRAMEWORKS_FOLDER_PATH}/ReactiveKit.framework",
				"${TARGET_BUILD_DIR}/${FRAMEWORKS_FOLDER_PATH}/SWRevealViewController.framework",
			);
			runOnlyForDeploymentPostprocessing = 0;
			shellPath = /bin/sh;
			shellScript = "\"${SRCROOT}/Pods/Target Support Files/Pods-CommanderAppSwift/Pods-CommanderAppSwift-frameworks.sh\"\n";
			showEnvVarsInLog = 0;
		};
		AE3F0232B828F485C3752E54 /* [CP] Copy Pods Resources */ = {
			isa = PBXShellScriptBuildPhase;
			buildActionMask = 2147483647;
			files = (
			);
			inputPaths = (
			);
			name = "[CP] Copy Pods Resources";
			outputPaths = (
			);
			runOnlyForDeploymentPostprocessing = 0;
			shellPath = /bin/sh;
			shellScript = "\"${SRCROOT}/Pods/Target Support Files/Pods-CommanderAppSwift/Pods-CommanderAppSwift-resources.sh\"\n";
			showEnvVarsInLog = 0;
		};
		E181334E7BD9B74D3EC61B2C /* [CP] Check Pods Manifest.lock */ = {
			isa = PBXShellScriptBuildPhase;
			buildActionMask = 2147483647;
			files = (
			);
			inputPaths = (
				"${PODS_PODFILE_DIR_PATH}/Podfile.lock",
				"${PODS_ROOT}/Manifest.lock",
			);
			name = "[CP] Check Pods Manifest.lock";
			outputPaths = (
				"$(DERIVED_FILE_DIR)/Pods-CommanderAppSwift-checkManifestLockResult.txt",
			);
			runOnlyForDeploymentPostprocessing = 0;
			shellPath = /bin/sh;
			shellScript = "diff \"${PODS_PODFILE_DIR_PATH}/Podfile.lock\" \"${PODS_ROOT}/Manifest.lock\" > /dev/null\nif [ $? != 0 ] ; then\n    # print error to STDERR\n    echo \"error: The sandbox is not in sync with the Podfile.lock. Run 'pod install' or update your CocoaPods installation.\" >&2\n    exit 1\nfi\n# This output is used by Xcode 'outputs' to avoid re-running this script phase.\necho \"SUCCESS\" > \"${SCRIPT_OUTPUT_FILE_0}\"\n";
			showEnvVarsInLog = 0;
		};
/* End PBXShellScriptBuildPhase section */

/* Begin PBXSourcesBuildPhase section */
		FF333FC41FB5A5C500E980AA /* Sources */ = {
			isa = PBXSourcesBuildPhase;
			buildActionMask = 2147483647;
			files = (
				FF1BBB451FC792F7009271C4 /* MainCountersAlertM.swift in Sources */,
				FF54402A1FD7A7620065C87A /* AudioSessionData.swift in Sources */,
				FF1BBB061FC4FE15009271C4 /* ThirdCounterCell.swift in Sources */,
				FF60EA4C1FC0DF6A005C2BBA /* AvatarVM.swift in Sources */,
				FF1BBB321FC66C9B009271C4 /* RollADieVM.swift in Sources */,
				FF3340071FB5BE6B00E980AA /* MainCounterContainerVC.swift in Sources */,
				FF1BBB211FC63580009271C4 /* MenuCell.swift in Sources */,
				FF1BBB491FC7C4CE009271C4 /* ZeroCounterCell.swift in Sources */,
				FF3340251FB9046A00E980AA /* UIColorExtension.swift in Sources */,
				FF60EA321FBD927C005C2BBA /* MainCounterVM.swift in Sources */,
				FF5440221FD7A5C30065C87A /* CameraVC.swift in Sources */,
				FF1BBB8E1FC89192009271C4 /* NotesCellVM.swift in Sources */,
				FF33400F1FB615A200E980AA /* MainNavController.swift in Sources */,
				FF1BBAF01FC3A72E009271C4 /* ManaLabel.swift in Sources */,
				FF1BBB4B1FC7C817009271C4 /* NotesVM.swift in Sources */,
				FF72558C1FDAADB000F8D820 /* SearchManager.swift in Sources */,
				FF60EA481FC0B780005C2BBA /* AvatarImageView.swift in Sources */,
				FF3340121FB8E9D100E980AA /* ManaCounterVC.swift in Sources */,
				FF1BBB3D1FC66CDD009271C4 /* HeadsOrTailsM.swift in Sources */,
				FFA11F411FE257D900E27891 /* CardZoomVC.swift in Sources */,
				FF1BBB431FC792E8009271C4 /* MainCountersAlertVM.swift in Sources */,
				FF3340041FB5BE0D00E980AA /* MainCounterVC.swift in Sources */,
				FF7255A11FE190F700F8D820 /* CardDetailsVM.swift in Sources */,
				FF1BBB381FC66CC2009271C4 /* HeadsOrTailsVC.swift in Sources */,
				FF1BBAEA1FC273AA009271C4 /* ManaCounterVM.swift in Sources */,
				FF54401A1FD4FA820065C87A /* ChangeCounterButton.swift in Sources */,
				FF333FFD1FB5B92500E980AA /* TabBarViewController.swift in Sources */,
				FF72559E1FE190E100F8D820 /* CardDetailsVC.swift in Sources */,
				FF1BBB981FCC19A2009271C4 /* MainNavToolBar.swift in Sources */,
				FF1BBB901FC8D511009271C4 /* NoteDetailsVM.swift in Sources */,
				FF1BBB341FC66CA5009271C4 /* RollADieM.swift in Sources */,
				FF72557D1FDA822D00F8D820 /* CardSearchVC.swift in Sources */,
				FF7255931FE1612E00F8D820 /* CardDetailsSearchVM.swift in Sources */,
				FF7255801FDA824000F8D820 /* CardSearchVM.swift in Sources */,
				FF3340221FB9033C00E980AA /* NotesCell.swift in Sources */,
				FF33401A1FB8FFB600E980AA /* FirstCounterCell.swift in Sources */,
				FF72559A1FE1622A00F8D820 /* CardDetailsSearchCellVM.swift in Sources */,
				FF4FA3731FE345090029C63C /* VariousExtensions.swift in Sources */,
				FF33400A1FB5BE9E00E980AA /* MenuVC.swift in Sources */,
				FF7255971FE1621100F8D820 /* CardDetailsSearchCell.swift in Sources */,
				FF333FCC1FB5A5C500E980AA /* AppDelegate.swift in Sources */,
				FF1BBB951FCB37F5009271C4 /* NoteDetailsVC.swift in Sources */,
				FF60EA511FC0F7AE005C2BBA /* RandomAvatarLabel.swift in Sources */,
				FF33401E1FB9031200E980AA /* NotesVC.swift in Sources */,
				FF60EA401FBDE80D005C2BBA /* DataManager.swift in Sources */,
				FF1BBB1A1FC52E64009271C4 /* MainCounterContainerVM.swift in Sources */,
				FF56E7751FE1B38E008E5D54 /* DetailsSearchCellLabel.swift in Sources */,
				FF1BBB9D1FCC1A2A009271C4 /* TabBarSwitchAnimations.swift in Sources */,
				FF60EA371FBD9D1D005C2BBA /* PlayerNameV.swift in Sources */,
				FF1BBAF71FC4A781009271C4 /* MainCountersLabel.swift in Sources */,
				FF60EA591FC0F9F1005C2BBA /* UIImageExtension.swift in Sources */,
				FF60EA4A1FC0DE80005C2BBA /* AvatarLayerView.swift in Sources */,
				FF1BBB401FC78F1A009271C4 /* MainCountersAlertVC.swift in Sources */,
				FF5440181FD4F60E0065C87A /* CountersTextField.swift in Sources */,
				FF5440201FD6A8B90065C87A /* CameraActionSheetView.swift in Sources */,
				FF60EA551FC0F7C8005C2BBA /* RandomAvatarM.swift in Sources */,
				FF1BBAFD1FC4CB88009271C4 /* SecondCounterCell.swift in Sources */,
				FF60EA531FC0F7BF005C2BBA /* RandomAvatarVM.swift in Sources */,
				FF7255871FDA88FC00F8D820 /* CardSearchCell.swift in Sources */,
				FF1BBB2F1FC66C86009271C4 /* RollADieVC.swift in Sources */,
				FF1BBB3B1FC66CD3009271C4 /* HeadsOrTailsVM.swift in Sources */,
				FF60EA391FBD9D2B005C2BBA /* PlayerNameVM.swift in Sources */,
				FF60EA4E1FC0DF74005C2BBA /* AvatarM.swift in Sources */,
				FF54402C1FD7A7700065C87A /* CameraData.swift in Sources */,
				FF1BBBA91FD2D5C8009271C4 /* ZeroCounterCellVM.swift in Sources */,
				FF4FA37A1FE3EF230029C63C /* NoResultsVC.swift in Sources */,
				FF72558A1FDA891500F8D820 /* CardSearchCellVM.swift in Sources */,
				FF1BBB0B1FC4FE60009271C4 /* ThirdCounterCellVM.swift in Sources */,
				FF1BBB001FC4CBBB009271C4 /* SecondCounterCellVM.swift in Sources */,
				FF333FD41FB5A5C500E980AA /* CommanderAppSwift.xcdatamodeld in Sources */,
				FF60EA571FC0F9E4005C2BBA /* DataExtension.swift in Sources */,
				FF7255901FE160A500F8D820 /* CardDetailsSearchVC.swift in Sources */,
				FF72557A1FD92F1A00F8D820 /* keyboardButtonsView.swift in Sources */,
				FF1BBB0F1FC4FE83009271C4 /* FourthCounterCell.swift in Sources */,
				FF60EA3D1FBDA395005C2BBA /* Constants.swift in Sources */,
				FF5440281FD7A70D0065C87A /* CameraView.swift in Sources */,
				FF1BBB121FC4FEBB009271C4 /* FourthCounterCellVM.swift in Sources */,
				FF7255821FDA824900F8D820 /* Card.swift in Sources */,
				FF60EA431FBE13FC005C2BBA /* NSManagedObjectExtension.swift in Sources */,
				FF1BBAF31FC3B15E009271C4 /* FirstCounterCellVM.swift in Sources */,
				FF54401C1FD4FC800065C87A /* CountersButton.swift in Sources */,
				FF1BBB241FC63596009271C4 /* MenuVM.swift in Sources */,
			);
			runOnlyForDeploymentPostprocessing = 0;
		};
		FF333FDB1FB5A5C700E980AA /* Sources */ = {
			isa = PBXSourcesBuildPhase;
			buildActionMask = 2147483647;
			files = (
				FF333FE41FB5A5C700E980AA /* CommanderAppSwiftTests.swift in Sources */,
			);
			runOnlyForDeploymentPostprocessing = 0;
		};
		FF333FE61FB5A5C700E980AA /* Sources */ = {
			isa = PBXSourcesBuildPhase;
			buildActionMask = 2147483647;
			files = (
				FF333FEF1FB5A5C700E980AA /* CommanderAppSwiftUITests.swift in Sources */,
			);
			runOnlyForDeploymentPostprocessing = 0;
		};
/* End PBXSourcesBuildPhase section */

/* Begin PBXTargetDependency section */
		FF333FE11FB5A5C700E980AA /* PBXTargetDependency */ = {
			isa = PBXTargetDependency;
			target = FF333FC71FB5A5C500E980AA /* CommanderAppSwift */;
			targetProxy = FF333FE01FB5A5C700E980AA /* PBXContainerItemProxy */;
		};
		FF333FEC1FB5A5C700E980AA /* PBXTargetDependency */ = {
			isa = PBXTargetDependency;
			target = FF333FC71FB5A5C500E980AA /* CommanderAppSwift */;
			targetProxy = FF333FEB1FB5A5C700E980AA /* PBXContainerItemProxy */;
		};
/* End PBXTargetDependency section */

/* Begin PBXVariantGroup section */
		FF333FD71FB5A5C600E980AA /* LaunchScreen.storyboard */ = {
			isa = PBXVariantGroup;
			children = (
				FF333FD81FB5A5C600E980AA /* Base */,
			);
			name = LaunchScreen.storyboard;
			sourceTree = "<group>";
		};
/* End PBXVariantGroup section */

/* Begin XCBuildConfiguration section */
		FF333FF11FB5A5C700E980AA /* Debug */ = {
			isa = XCBuildConfiguration;
			buildSettings = {
				ALWAYS_SEARCH_USER_PATHS = NO;
				CLANG_ANALYZER_NONNULL = YES;
				CLANG_ANALYZER_NUMBER_OBJECT_CONVERSION = YES_AGGRESSIVE;
				CLANG_CXX_LANGUAGE_STANDARD = "gnu++14";
				CLANG_CXX_LIBRARY = "libc++";
				CLANG_ENABLE_MODULES = YES;
				CLANG_ENABLE_OBJC_ARC = YES;
				CLANG_WARN_BLOCK_CAPTURE_AUTORELEASING = YES;
				CLANG_WARN_BOOL_CONVERSION = YES;
				CLANG_WARN_COMMA = YES;
				CLANG_WARN_CONSTANT_CONVERSION = YES;
				CLANG_WARN_DIRECT_OBJC_ISA_USAGE = YES_ERROR;
				CLANG_WARN_DOCUMENTATION_COMMENTS = YES;
				CLANG_WARN_EMPTY_BODY = YES;
				CLANG_WARN_ENUM_CONVERSION = YES;
				CLANG_WARN_INFINITE_RECURSION = YES;
				CLANG_WARN_INT_CONVERSION = YES;
				CLANG_WARN_NON_LITERAL_NULL_CONVERSION = YES;
				CLANG_WARN_OBJC_LITERAL_CONVERSION = YES;
				CLANG_WARN_OBJC_ROOT_CLASS = YES_ERROR;
				CLANG_WARN_RANGE_LOOP_ANALYSIS = YES;
				CLANG_WARN_STRICT_PROTOTYPES = YES;
				CLANG_WARN_SUSPICIOUS_MOVE = YES;
				CLANG_WARN_UNGUARDED_AVAILABILITY = YES_AGGRESSIVE;
				CLANG_WARN_UNREACHABLE_CODE = YES;
				CLANG_WARN__DUPLICATE_METHOD_MATCH = YES;
				CODE_SIGN_IDENTITY = "iPhone Developer";
				COPY_PHASE_STRIP = NO;
				DEBUG_INFORMATION_FORMAT = dwarf;
				ENABLE_STRICT_OBJC_MSGSEND = YES;
				ENABLE_TESTABILITY = YES;
				GCC_C_LANGUAGE_STANDARD = gnu11;
				GCC_DYNAMIC_NO_PIC = NO;
				GCC_NO_COMMON_BLOCKS = YES;
				GCC_OPTIMIZATION_LEVEL = 0;
				GCC_PREPROCESSOR_DEFINITIONS = (
					"DEBUG=1",
					"$(inherited)",
				);
				GCC_WARN_64_TO_32_BIT_CONVERSION = YES;
				GCC_WARN_ABOUT_RETURN_TYPE = YES_ERROR;
				GCC_WARN_UNDECLARED_SELECTOR = YES;
				GCC_WARN_UNINITIALIZED_AUTOS = YES_AGGRESSIVE;
				GCC_WARN_UNUSED_FUNCTION = YES;
				GCC_WARN_UNUSED_VARIABLE = YES;
				IPHONEOS_DEPLOYMENT_TARGET = 10.0;
				MTL_ENABLE_DEBUG_INFO = YES;
				ONLY_ACTIVE_ARCH = YES;
				SDKROOT = iphoneos;
				SWIFT_ACTIVE_COMPILATION_CONDITIONS = DEBUG;
				SWIFT_OPTIMIZATION_LEVEL = "-Onone";
			};
			name = Debug;
		};
		FF333FF21FB5A5C700E980AA /* Release */ = {
			isa = XCBuildConfiguration;
			buildSettings = {
				ALWAYS_SEARCH_USER_PATHS = NO;
				CLANG_ANALYZER_NONNULL = YES;
				CLANG_ANALYZER_NUMBER_OBJECT_CONVERSION = YES_AGGRESSIVE;
				CLANG_CXX_LANGUAGE_STANDARD = "gnu++14";
				CLANG_CXX_LIBRARY = "libc++";
				CLANG_ENABLE_MODULES = YES;
				CLANG_ENABLE_OBJC_ARC = YES;
				CLANG_WARN_BLOCK_CAPTURE_AUTORELEASING = YES;
				CLANG_WARN_BOOL_CONVERSION = YES;
				CLANG_WARN_COMMA = YES;
				CLANG_WARN_CONSTANT_CONVERSION = YES;
				CLANG_WARN_DIRECT_OBJC_ISA_USAGE = YES_ERROR;
				CLANG_WARN_DOCUMENTATION_COMMENTS = YES;
				CLANG_WARN_EMPTY_BODY = YES;
				CLANG_WARN_ENUM_CONVERSION = YES;
				CLANG_WARN_INFINITE_RECURSION = YES;
				CLANG_WARN_INT_CONVERSION = YES;
				CLANG_WARN_NON_LITERAL_NULL_CONVERSION = YES;
				CLANG_WARN_OBJC_LITERAL_CONVERSION = YES;
				CLANG_WARN_OBJC_ROOT_CLASS = YES_ERROR;
				CLANG_WARN_RANGE_LOOP_ANALYSIS = YES;
				CLANG_WARN_STRICT_PROTOTYPES = YES;
				CLANG_WARN_SUSPICIOUS_MOVE = YES;
				CLANG_WARN_UNGUARDED_AVAILABILITY = YES_AGGRESSIVE;
				CLANG_WARN_UNREACHABLE_CODE = YES;
				CLANG_WARN__DUPLICATE_METHOD_MATCH = YES;
				CODE_SIGN_IDENTITY = "iPhone Developer";
				COPY_PHASE_STRIP = NO;
				DEBUG_INFORMATION_FORMAT = "dwarf-with-dsym";
				ENABLE_NS_ASSERTIONS = NO;
				ENABLE_STRICT_OBJC_MSGSEND = YES;
				GCC_C_LANGUAGE_STANDARD = gnu11;
				GCC_NO_COMMON_BLOCKS = YES;
				GCC_WARN_64_TO_32_BIT_CONVERSION = YES;
				GCC_WARN_ABOUT_RETURN_TYPE = YES_ERROR;
				GCC_WARN_UNDECLARED_SELECTOR = YES;
				GCC_WARN_UNINITIALIZED_AUTOS = YES_AGGRESSIVE;
				GCC_WARN_UNUSED_FUNCTION = YES;
				GCC_WARN_UNUSED_VARIABLE = YES;
				IPHONEOS_DEPLOYMENT_TARGET = 10.0;
				MTL_ENABLE_DEBUG_INFO = NO;
				SDKROOT = iphoneos;
				SWIFT_OPTIMIZATION_LEVEL = "-Owholemodule";
				VALIDATE_PRODUCT = YES;
			};
			name = Release;
		};
		FF333FF41FB5A5C700E980AA /* Debug */ = {
			isa = XCBuildConfiguration;
			baseConfigurationReference = B8F38C182BD5D0DCDDC2D4CC /* Pods-CommanderAppSwift.debug.xcconfig */;
			buildSettings = {
				ASSETCATALOG_COMPILER_APPICON_NAME = AppIcon;
				CODE_SIGN_STYLE = Automatic;
				DEVELOPMENT_TEAM = 6R5CTCNFL9;
				INFOPLIST_FILE = CommanderAppSwift/Info.plist;
				IPHONEOS_DEPLOYMENT_TARGET = 10.0;
				LD_RUNPATH_SEARCH_PATHS = "$(inherited) @executable_path/Frameworks";
				PRODUCT_BUNDLE_IDENTIFIER = com.vasiliyegorov.CommanderAppSwift;
				PRODUCT_NAME = "$(TARGET_NAME)";
				SWIFT_VERSION = 4.0;
				TARGETED_DEVICE_FAMILY = 1;
			};
			name = Debug;
		};
		FF333FF51FB5A5C700E980AA /* Release */ = {
			isa = XCBuildConfiguration;
			baseConfigurationReference = C4B6933BBBB776716C3A1330 /* Pods-CommanderAppSwift.release.xcconfig */;
			buildSettings = {
				ASSETCATALOG_COMPILER_APPICON_NAME = AppIcon;
				CODE_SIGN_STYLE = Automatic;
				DEVELOPMENT_TEAM = 6R5CTCNFL9;
				INFOPLIST_FILE = CommanderAppSwift/Info.plist;
				IPHONEOS_DEPLOYMENT_TARGET = 10.0;
				LD_RUNPATH_SEARCH_PATHS = "$(inherited) @executable_path/Frameworks";
				PRODUCT_BUNDLE_IDENTIFIER = com.vasiliyegorov.CommanderAppSwift;
				PRODUCT_NAME = "$(TARGET_NAME)";
				SWIFT_VERSION = 4.0;
				TARGETED_DEVICE_FAMILY = 1;
			};
			name = Release;
		};
		FF333FF71FB5A5C700E980AA /* Debug */ = {
			isa = XCBuildConfiguration;
			buildSettings = {
				ALWAYS_EMBED_SWIFT_STANDARD_LIBRARIES = YES;
				BUNDLE_LOADER = "$(TEST_HOST)";
				CODE_SIGN_STYLE = Automatic;
				DEVELOPMENT_TEAM = 6R5CTCNFL9;
				INFOPLIST_FILE = CommanderAppSwiftTests/Info.plist;
				LD_RUNPATH_SEARCH_PATHS = "$(inherited) @executable_path/Frameworks @loader_path/Frameworks";
				PRODUCT_BUNDLE_IDENTIFIER = com.vasiliyegorov.CommanderAppSwiftTests;
				PRODUCT_NAME = "$(TARGET_NAME)";
				SWIFT_VERSION = 4.0;
				TARGETED_DEVICE_FAMILY = "1,2";
				TEST_HOST = "$(BUILT_PRODUCTS_DIR)/CommanderAppSwift.app/CommanderAppSwift";
			};
			name = Debug;
		};
		FF333FF81FB5A5C700E980AA /* Release */ = {
			isa = XCBuildConfiguration;
			buildSettings = {
				ALWAYS_EMBED_SWIFT_STANDARD_LIBRARIES = YES;
				BUNDLE_LOADER = "$(TEST_HOST)";
				CODE_SIGN_STYLE = Automatic;
				DEVELOPMENT_TEAM = 6R5CTCNFL9;
				INFOPLIST_FILE = CommanderAppSwiftTests/Info.plist;
				LD_RUNPATH_SEARCH_PATHS = "$(inherited) @executable_path/Frameworks @loader_path/Frameworks";
				PRODUCT_BUNDLE_IDENTIFIER = com.vasiliyegorov.CommanderAppSwiftTests;
				PRODUCT_NAME = "$(TARGET_NAME)";
				SWIFT_VERSION = 4.0;
				TARGETED_DEVICE_FAMILY = "1,2";
				TEST_HOST = "$(BUILT_PRODUCTS_DIR)/CommanderAppSwift.app/CommanderAppSwift";
			};
			name = Release;
		};
		FF333FFA1FB5A5C700E980AA /* Debug */ = {
			isa = XCBuildConfiguration;
			buildSettings = {
				ALWAYS_EMBED_SWIFT_STANDARD_LIBRARIES = YES;
				CODE_SIGN_STYLE = Automatic;
				DEVELOPMENT_TEAM = 6R5CTCNFL9;
				INFOPLIST_FILE = CommanderAppSwiftUITests/Info.plist;
				LD_RUNPATH_SEARCH_PATHS = "$(inherited) @executable_path/Frameworks @loader_path/Frameworks";
				PRODUCT_BUNDLE_IDENTIFIER = com.vasiliyegorov.CommanderAppSwiftUITests;
				PRODUCT_NAME = "$(TARGET_NAME)";
				SWIFT_VERSION = 4.0;
				TARGETED_DEVICE_FAMILY = "1,2";
				TEST_TARGET_NAME = CommanderAppSwift;
			};
			name = Debug;
		};
		FF333FFB1FB5A5C700E980AA /* Release */ = {
			isa = XCBuildConfiguration;
			buildSettings = {
				ALWAYS_EMBED_SWIFT_STANDARD_LIBRARIES = YES;
				CODE_SIGN_STYLE = Automatic;
				DEVELOPMENT_TEAM = 6R5CTCNFL9;
				INFOPLIST_FILE = CommanderAppSwiftUITests/Info.plist;
				LD_RUNPATH_SEARCH_PATHS = "$(inherited) @executable_path/Frameworks @loader_path/Frameworks";
				PRODUCT_BUNDLE_IDENTIFIER = com.vasiliyegorov.CommanderAppSwiftUITests;
				PRODUCT_NAME = "$(TARGET_NAME)";
				SWIFT_VERSION = 4.0;
				TARGETED_DEVICE_FAMILY = "1,2";
				TEST_TARGET_NAME = CommanderAppSwift;
			};
			name = Release;
		};
/* End XCBuildConfiguration section */

/* Begin XCConfigurationList section */
		FF333FC31FB5A5C500E980AA /* Build configuration list for PBXProject "CommanderAppSwift" */ = {
			isa = XCConfigurationList;
			buildConfigurations = (
				FF333FF11FB5A5C700E980AA /* Debug */,
				FF333FF21FB5A5C700E980AA /* Release */,
			);
			defaultConfigurationIsVisible = 0;
			defaultConfigurationName = Release;
		};
		FF333FF31FB5A5C700E980AA /* Build configuration list for PBXNativeTarget "CommanderAppSwift" */ = {
			isa = XCConfigurationList;
			buildConfigurations = (
				FF333FF41FB5A5C700E980AA /* Debug */,
				FF333FF51FB5A5C700E980AA /* Release */,
			);
			defaultConfigurationIsVisible = 0;
			defaultConfigurationName = Release;
		};
		FF333FF61FB5A5C700E980AA /* Build configuration list for PBXNativeTarget "CommanderAppSwiftTests" */ = {
			isa = XCConfigurationList;
			buildConfigurations = (
				FF333FF71FB5A5C700E980AA /* Debug */,
				FF333FF81FB5A5C700E980AA /* Release */,
			);
			defaultConfigurationIsVisible = 0;
			defaultConfigurationName = Release;
		};
		FF333FF91FB5A5C700E980AA /* Build configuration list for PBXNativeTarget "CommanderAppSwiftUITests" */ = {
			isa = XCConfigurationList;
			buildConfigurations = (
				FF333FFA1FB5A5C700E980AA /* Debug */,
				FF333FFB1FB5A5C700E980AA /* Release */,
			);
			defaultConfigurationIsVisible = 0;
			defaultConfigurationName = Release;
		};
/* End XCConfigurationList section */

/* Begin XCVersionGroup section */
		FF333FD21FB5A5C500E980AA /* CommanderAppSwift.xcdatamodeld */ = {
			isa = XCVersionGroup;
			children = (
				FF333FD31FB5A5C500E980AA /* CommanderAppSwift.xcdatamodel */,
			);
			currentVersion = FF333FD31FB5A5C500E980AA /* CommanderAppSwift.xcdatamodel */;
			path = CommanderAppSwift.xcdatamodeld;
			sourceTree = "<group>";
			versionGroupType = wrapper.xcdatamodel;
		};
/* End XCVersionGroup section */
	};
	rootObject = FF333FC01FB5A5C500E980AA /* Project object */;
}
